// !$*UTF8*$!
{
	archiveVersion = 1;
	classes = {
	};
	objectVersion = 50;
	objects = {

/* Begin PBXBuildFile section */
		5E5A4B827C14CB303E022C57 /* Pods_Finance.framework in Frameworks */ = {isa = PBXBuildFile; fileRef = 0E7D77160E28A22A7CBE80CE /* Pods_Finance.framework */; };
		D9116E6E20EE595200F978F0 /* FIBankData.m in Sources */ = {isa = PBXBuildFile; fileRef = D9116E6D20EE595200F978F0 /* FIBankData.m */; };
		D9116E7220EE5BB400F978F0 /* FIHorizontalTextFieldCell.xib in Resources */ = {isa = PBXBuildFile; fileRef = D9116E6F20EE5BB400F978F0 /* FIHorizontalTextFieldCell.xib */; };
		D9116E7320EE5BB400F978F0 /* FIHorizontalTextFieldCell.m in Sources */ = {isa = PBXBuildFile; fileRef = D9116E7120EE5BB400F978F0 /* FIHorizontalTextFieldCell.m */; };
		D9116E7820EE5E0100F978F0 /* FIBankInfoViewController.xib in Resources */ = {isa = PBXBuildFile; fileRef = D9116E7520EE5E0000F978F0 /* FIBankInfoViewController.xib */; };
		D9116E7920EE5E0100F978F0 /* FIBankInfoViewController.m in Sources */ = {isa = PBXBuildFile; fileRef = D9116E7720EE5E0100F978F0 /* FIBankInfoViewController.m */; };
		D9116E7D20EE75F100F978F0 /* FIPassWordManagerViewController.xib in Resources */ = {isa = PBXBuildFile; fileRef = D9116E7A20EE75F100F978F0 /* FIPassWordManagerViewController.xib */; };
		D9116E7E20EE75F100F978F0 /* FIPassWordManagerViewController.m in Sources */ = {isa = PBXBuildFile; fileRef = D9116E7C20EE75F100F978F0 /* FIPassWordManagerViewController.m */; };
		D9116E8C20EE794100F978F0 /* FIPassworldAlterViewController.xib in Resources */ = {isa = PBXBuildFile; fileRef = D9116E8920EE794000F978F0 /* FIPassworldAlterViewController.xib */; };
		D9116E8D20EE794100F978F0 /* FIPassworldAlterViewController.m in Sources */ = {isa = PBXBuildFile; fileRef = D9116E8B20EE794100F978F0 /* FIPassworldAlterViewController.m */; };
		D91481B420E9F2280045C5E6 /* FIPropListCell.xib in Resources */ = {isa = PBXBuildFile; fileRef = D91481B120E9F2280045C5E6 /* FIPropListCell.xib */; };
		D91481B520E9F2280045C5E6 /* FIPropListCell.m in Sources */ = {isa = PBXBuildFile; fileRef = D91481B320E9F2280045C5E6 /* FIPropListCell.m */; };
		D91481B920EA5A7F0045C5E6 /* FIBankListViewController.xib in Resources */ = {isa = PBXBuildFile; fileRef = D91481B620EA5A7F0045C5E6 /* FIBankListViewController.xib */; };
		D91481BA20EA5A7F0045C5E6 /* FIBankListViewController.m in Sources */ = {isa = PBXBuildFile; fileRef = D91481B820EA5A7F0045C5E6 /* FIBankListViewController.m */; };
		D91481BE20EA5BDF0045C5E6 /* FIBankListViewCell.xib in Resources */ = {isa = PBXBuildFile; fileRef = D91481BB20EA5BDF0045C5E6 /* FIBankListViewCell.xib */; };
		D91481BF20EA5BDF0045C5E6 /* FIBankListViewCell.m in Sources */ = {isa = PBXBuildFile; fileRef = D91481BD20EA5BDF0045C5E6 /* FIBankListViewCell.m */; };
		D9AC53CF20E3D7B6002ED2F0 /* FIMemberViewController.m in Sources */ = {isa = PBXBuildFile; fileRef = D9AC53CD20E3D7B6002ED2F0 /* FIMemberViewController.m */; };
		F90B426820ED045800759679 /* FIAccountCardView.m in Sources */ = {isa = PBXBuildFile; fileRef = F90B426720ED045800759679 /* FIAccountCardView.m */; };
		F90B426B20ED09D200759679 /* FIAliPayData.m in Sources */ = {isa = PBXBuildFile; fileRef = F90B426A20ED09D200759679 /* FIAliPayData.m */; };
		F90B428720EF4BE600759679 /* FISettingPasswordCodeCell.m in Sources */ = {isa = PBXBuildFile; fileRef = F90B428520EF4BE600759679 /* FISettingPasswordCodeCell.m */; };
		F90B428820EF4BE600759679 /* FISettingPasswordCodeCell.xib in Resources */ = {isa = PBXBuildFile; fileRef = F90B428620EF4BE600759679 /* FISettingPasswordCodeCell.xib */; };
		F90EC91020DF3B68008CD05A /* FIBuySeedViewController.m in Sources */ = {isa = PBXBuildFile; fileRef = F90EC90E20DF3B68008CD05A /* FIBuySeedViewController.m */; };
		F90EC91520DF3BF1008CD05A /* FISimpleHeaderTableViewController.m in Sources */ = {isa = PBXBuildFile; fileRef = F90EC91320DF3BF1008CD05A /* FISimpleHeaderTableViewController.m */; };
		F90EC91B20E0C4CD008CD05A /* FITextFieldViewCell.m in Sources */ = {isa = PBXBuildFile; fileRef = F90EC91920E0C4CD008CD05A /* FITextFieldViewCell.m */; };
		F90EC91C20E0C4CD008CD05A /* FITextFieldViewCell.xib in Resources */ = {isa = PBXBuildFile; fileRef = F90EC91A20E0C4CD008CD05A /* FITextFieldViewCell.xib */; };
		F90EC91F20E0C97A008CD05A /* FIStatusTextField.m in Sources */ = {isa = PBXBuildFile; fileRef = F90EC91E20E0C97A008CD05A /* FIStatusTextField.m */; };
		F90EC92320E0CADA008CD05A /* FIBusinessSeed.m in Sources */ = {isa = PBXBuildFile; fileRef = F90EC92220E0CADA008CD05A /* FIBusinessSeed.m */; };
		F90EC92620E0FB61008CD05A /* FISellSeedViewController.m in Sources */ = {isa = PBXBuildFile; fileRef = F90EC92520E0FB61008CD05A /* FISellSeedViewController.m */; };
		F915534F20EB282800E29FC1 /* FIAliyPayViewController.m in Sources */ = {isa = PBXBuildFile; fileRef = F915534D20EB282800E29FC1 /* FIAliyPayViewController.m */; };
		F915535020EB282800E29FC1 /* FIAliyPayViewController.xib in Resources */ = {isa = PBXBuildFile; fileRef = F915534E20EB282800E29FC1 /* FIAliyPayViewController.xib */; };
		F915535420EB4EDE00E29FC1 /* FIAddAliPayViewController.m in Sources */ = {isa = PBXBuildFile; fileRef = F915535220EB4EDE00E29FC1 /* FIAddAliPayViewController.m */; };
		F915535520EB4EDE00E29FC1 /* FIAddAliPayViewController.xib in Resources */ = {isa = PBXBuildFile; fileRef = F915535320EB4EDE00E29FC1 /* FIAddAliPayViewController.xib */; };
		F9159E6A20C4E853002BFB1B /* AppDelegate.m in Sources */ = {isa = PBXBuildFile; fileRef = F9159E6920C4E853002BFB1B /* AppDelegate.m */; };
		F9159E6D20C4E853002BFB1B /* ViewController.m in Sources */ = {isa = PBXBuildFile; fileRef = F9159E6C20C4E853002BFB1B /* ViewController.m */; };
		F9159E7220C4E855002BFB1B /* Assets.xcassets in Resources */ = {isa = PBXBuildFile; fileRef = F9159E7120C4E855002BFB1B /* Assets.xcassets */; };
		F9159E7520C4E855002BFB1B /* LaunchScreen.storyboard in Resources */ = {isa = PBXBuildFile; fileRef = F9159E7320C4E855002BFB1B /* LaunchScreen.storyboard */; };
		F9159E7820C4E855002BFB1B /* main.m in Sources */ = {isa = PBXBuildFile; fileRef = F9159E7720C4E855002BFB1B /* main.m */; };
		F9159E8220C4E855002BFB1B /* FinanceTests.m in Sources */ = {isa = PBXBuildFile; fileRef = F9159E8120C4E855002BFB1B /* FinanceTests.m */; };
		F9159E8D20C4E855002BFB1B /* FinanceUITests.m in Sources */ = {isa = PBXBuildFile; fileRef = F9159E8C20C4E855002BFB1B /* FinanceUITests.m */; };
		F93EBC8920C68D380000AE72 /* HttpRequest.m in Sources */ = {isa = PBXBuildFile; fileRef = F93EBC8820C68D380000AE72 /* HttpRequest.m */; };
		F93EBC8A20C68E400000AE72 /* HttpRequest.m in Sources */ = {isa = PBXBuildFile; fileRef = F93EBC8820C68D380000AE72 /* HttpRequest.m */; };
		F93EBC9220C69DF20000AE72 /* GTMBase64.m in Sources */ = {isa = PBXBuildFile; fileRef = F93EBC9020C69DF20000AE72 /* GTMBase64.m */; };
		F93EBC9520C69F330000AE72 /* WFEncrypt.m in Sources */ = {isa = PBXBuildFile; fileRef = F93EBC9420C69F330000AE72 /* WFEncrypt.m */; };
		F93EBCDA20C79CCE0000AE72 /* JSONUtils.m in Sources */ = {isa = PBXBuildFile; fileRef = F93EBCD920C79CCE0000AE72 /* JSONUtils.m */; };
		F93EBCE220C7B6DD0000AE72 /* FILoginViewController.m in Sources */ = {isa = PBXBuildFile; fileRef = F93EBCE020C7B6DD0000AE72 /* FILoginViewController.m */; };
		F93EBCE320C7B6DD0000AE72 /* FILoginViewController.xib in Resources */ = {isa = PBXBuildFile; fileRef = F93EBCE120C7B6DD0000AE72 /* FILoginViewController.xib */; };
		F93EBCE720C7BAF50000AE72 /* FIRegisterViewController.m in Sources */ = {isa = PBXBuildFile; fileRef = F93EBCE520C7BAF50000AE72 /* FIRegisterViewController.m */; };
		F93EBCE820C7BAF50000AE72 /* FIRegisterViewController.xib in Resources */ = {isa = PBXBuildFile; fileRef = F93EBCE620C7BAF50000AE72 /* FIRegisterViewController.xib */; };
		F93EBCEC20C7BDAA0000AE72 /* FIBaseViewController.m in Sources */ = {isa = PBXBuildFile; fileRef = F93EBCEB20C7BDAA0000AE72 /* FIBaseViewController.m */; };
		F93EBCEF20C7C4A80000AE72 /* UIImage+Color.m in Sources */ = {isa = PBXBuildFile; fileRef = F93EBCEE20C7C4A70000AE72 /* UIImage+Color.m */; };
		F93EBCF320C7D2000000AE72 /* FIUser.m in Sources */ = {isa = PBXBuildFile; fileRef = F93EBCF220C7D2000000AE72 /* FIUser.m */; };
		F93EBCF720C7D46D0000AE72 /* FIRegisterFinishViewController.m in Sources */ = {isa = PBXBuildFile; fileRef = F93EBCF520C7D46D0000AE72 /* FIRegisterFinishViewController.m */; };
		F93EBCF820C7D46D0000AE72 /* FIRegisterFinishViewController.xib in Resources */ = {isa = PBXBuildFile; fileRef = F93EBCF620C7D46D0000AE72 /* FIRegisterFinishViewController.xib */; };
		F93EBCFB20C7D6CB0000AE72 /* FIBaseNavigationViewController.m in Sources */ = {isa = PBXBuildFile; fileRef = F93EBCFA20C7D6CB0000AE72 /* FIBaseNavigationViewController.m */; };
		F93EBCFE20C7E0240000AE72 /* UIView+Toast.m in Sources */ = {isa = PBXBuildFile; fileRef = F93EBCFC20C7E0230000AE72 /* UIView+Toast.m */; };
		F93EBD0120C7E53F0000AE72 /* SysUtils.m in Sources */ = {isa = PBXBuildFile; fileRef = F93EBD0020C7E53F0000AE72 /* SysUtils.m */; };
		F93EBD0420C7E6070000AE72 /* SFHFKeychainUtils.m in Sources */ = {isa = PBXBuildFile; fileRef = F93EBD0220C7E6070000AE72 /* SFHFKeychainUtils.m */; settings = {COMPILER_FLAGS = "-fno-objc-arc"; }; };
		F93EBD0A20C7F04F0000AE72 /* FIHomeViewController.m in Sources */ = {isa = PBXBuildFile; fileRef = F93EBD0820C7F04F0000AE72 /* FIHomeViewController.m */; };
		F93EBD0B20C7F04F0000AE72 /* FIHomeViewController.xib in Resources */ = {isa = PBXBuildFile; fileRef = F93EBD0920C7F04F0000AE72 /* FIHomeViewController.xib */; };
		F943F3A720E21C060065640C /* FIBagViewController.m in Sources */ = {isa = PBXBuildFile; fileRef = F943F3A620E21C060065640C /* FIBagViewController.m */; };
		F94F097D20DCA4740076A073 /* FICenterData.m in Sources */ = {isa = PBXBuildFile; fileRef = F94F097C20DCA4740076A073 /* FICenterData.m */; };
		F94F098120DCAA140076A073 /* FITeam.m in Sources */ = {isa = PBXBuildFile; fileRef = F94F098020DCAA140076A073 /* FITeam.m */; };
		F9545C3D20D8F22000531C66 /* FIRegisterSuccessViewController.m in Sources */ = {isa = PBXBuildFile; fileRef = F9545C3B20D8F22000531C66 /* FIRegisterSuccessViewController.m */; };
		F9545C3E20D8F22000531C66 /* FIRegisterSuccessViewController.xib in Resources */ = {isa = PBXBuildFile; fileRef = F9545C3C20D8F22000531C66 /* FIRegisterSuccessViewController.xib */; };
		F9545C4220D8F47B00531C66 /* FIFindPasswordViewController.m in Sources */ = {isa = PBXBuildFile; fileRef = F9545C4020D8F47B00531C66 /* FIFindPasswordViewController.m */; };
		F9545C4320D8F47B00531C66 /* FIFindPasswordViewController.xib in Resources */ = {isa = PBXBuildFile; fileRef = F9545C4120D8F47B00531C66 /* FIFindPasswordViewController.xib */; };
		F9545C4720DB4F9400531C66 /* FIHomeHeaderView.m in Sources */ = {isa = PBXBuildFile; fileRef = F9545C4620DB4F9400531C66 /* FIHomeHeaderView.m */; };
		F9545C4920DB4FE600531C66 /* FIHomeHeaderView.xib in Resources */ = {isa = PBXBuildFile; fileRef = F9545C4820DB4FE600531C66 /* FIHomeHeaderView.xib */; };
		F9545C4D20DB7CA900531C66 /* FIHomeManagerCell.m in Sources */ = {isa = PBXBuildFile; fileRef = F9545C4B20DB7CA900531C66 /* FIHomeManagerCell.m */; };
		F9545C4E20DB7CA900531C66 /* FIHomeManagerCell.xib in Resources */ = {isa = PBXBuildFile; fileRef = F9545C4C20DB7CA900531C66 /* FIHomeManagerCell.xib */; };
		F9545C5220DB8B0400531C66 /* FISectionHeaderCell.m in Sources */ = {isa = PBXBuildFile; fileRef = F9545C5020DB8B0400531C66 /* FISectionHeaderCell.m */; };
		F9545C5720DB8D5600531C66 /* FIHomeOrderViewCell.m in Sources */ = {isa = PBXBuildFile; fileRef = F9545C5520DB8D5600531C66 /* FIHomeOrderViewCell.m */; };
		F9545C5820DB8D5600531C66 /* FIHomeOrderViewCell.xib in Resources */ = {isa = PBXBuildFile; fileRef = F9545C5620DB8D5600531C66 /* FIHomeOrderViewCell.xib */; };
		F9545C5B20DB90C000531C66 /* FIBadgeView.m in Sources */ = {isa = PBXBuildFile; fileRef = F9545C5A20DB90C000531C66 /* FIBadgeView.m */; };
		F9545C5F20DB98A200531C66 /* FIHomeData.m in Sources */ = {isa = PBXBuildFile; fileRef = F9545C5E20DB98A200531C66 /* FIHomeData.m */; };
		F9545C6220DB9B0100531C66 /* FInanceCenterViewController.m in Sources */ = {isa = PBXBuildFile; fileRef = F9545C6120DB9B0100531C66 /* FInanceCenterViewController.m */; };
		F9545C6820DBA37300531C66 /* FIMyTeamViewController.m in Sources */ = {isa = PBXBuildFile; fileRef = F9545C6620DBA37300531C66 /* FIMyTeamViewController.m */; };
		F9545C6920DBA37300531C66 /* FIMyTeamViewController.xib in Resources */ = {isa = PBXBuildFile; fileRef = F9545C6720DBA37300531C66 /* FIMyTeamViewController.xib */; };
		F9545C6D20DBACCE00531C66 /* FiActiveMemberViewController.m in Sources */ = {isa = PBXBuildFile; fileRef = F9545C6B20DBACCE00531C66 /* FiActiveMemberViewController.m */; };
		F9545C6E20DBACCE00531C66 /* FiActiveMemberViewController.xib in Resources */ = {isa = PBXBuildFile; fileRef = F9545C6C20DBACCE00531C66 /* FiActiveMemberViewController.xib */; };
		F9545C7220DBB59600531C66 /* FIMyMasterViewController.m in Sources */ = {isa = PBXBuildFile; fileRef = F9545C7020DBB59600531C66 /* FIMyMasterViewController.m */; };
		F9545C7320DBB59600531C66 /* FIMyMasterViewController.xib in Resources */ = {isa = PBXBuildFile; fileRef = F9545C7120DBB59600531C66 /* FIMyMasterViewController.xib */; };
		F9545C7520DBBC4400531C66 /* FISectionHeaderCell.xib in Resources */ = {isa = PBXBuildFile; fileRef = F9545C7420DBBC4400531C66 /* FISectionHeaderCell.xib */; };
		F9545C7920DBBCC900531C66 /* FICenterRecordCell.m in Sources */ = {isa = PBXBuildFile; fileRef = F9545C7720DBBCC900531C66 /* FICenterRecordCell.m */; };
		F9545C7A20DBBCC900531C66 /* FICenterRecordCell.xib in Resources */ = {isa = PBXBuildFile; fileRef = F9545C7820DBBCC900531C66 /* FICenterRecordCell.xib */; };
		F9545C7E20DBC3B400531C66 /* FIPictureTableViewCell.m in Sources */ = {isa = PBXBuildFile; fileRef = F9545C7C20DBC3B400531C66 /* FIPictureTableViewCell.m */; };
		F9545C7F20DBC3B400531C66 /* FIPictureTableViewCell.xib in Resources */ = {isa = PBXBuildFile; fileRef = F9545C7D20DBC3B400531C66 /* FIPictureTableViewCell.xib */; };
		F9545C8320DBC9AB00531C66 /* FICenterGainCell.m in Sources */ = {isa = PBXBuildFile; fileRef = F9545C8120DBC9AB00531C66 /* FICenterGainCell.m */; };
		F9545C8420DBC9AB00531C66 /* FICenterGainCell.xib in Resources */ = {isa = PBXBuildFile; fileRef = F9545C8220DBC9AB00531C66 /* FICenterGainCell.xib */; };
		F95671F320F3021800DB825A /* FIScoreViewController.m in Sources */ = {isa = PBXBuildFile; fileRef = F95671F220F3021800DB825A /* FIScoreViewController.m */; };
		F95671F620F3051A00DB825A /* FIActivityCoceViewController.m in Sources */ = {isa = PBXBuildFile; fileRef = F95671F520F3051A00DB825A /* FIActivityCoceViewController.m */; };
		F95671F920F30AF500DB825A /* FIPasswordView.m in Sources */ = {isa = PBXBuildFile; fileRef = F95671F820F30AF500DB825A /* FIPasswordView.m */; };
		F95671FB20F30B0600DB825A /* FIPasswordView.xib in Resources */ = {isa = PBXBuildFile; fileRef = F95671FA20F30B0600DB825A /* FIPasswordView.xib */; };
		F96940F220E386BC00968B27 /* FIUserInfoViewController.m in Sources */ = {isa = PBXBuildFile; fileRef = F96940F020E386BC00968B27 /* FIUserInfoViewController.m */; };
		F96940F320E386BC00968B27 /* FIUserInfoViewController.xib in Resources */ = {isa = PBXBuildFile; fileRef = F96940F120E386BC00968B27 /* FIUserInfoViewController.xib */; };
		F96940F920E38C0B00968B27 /* FIAccontSettingViewController.m in Sources */ = {isa = PBXBuildFile; fileRef = F96940F720E38C0B00968B27 /* FIAccontSettingViewController.m */; };
		F96940FA20E38C0B00968B27 /* FIAccontSettingViewController.xib in Resources */ = {isa = PBXBuildFile; fileRef = F96940F820E38C0B00968B27 /* FIAccontSettingViewController.xib */; };
		F96940FD20E3A6F900968B27 /* FIUserInfo.m in Sources */ = {isa = PBXBuildFile; fileRef = F96940FC20E3A6F900968B27 /* FIUserInfo.m */; };
		F9D4A44320EF5E25004667E5 /* FIScoreListViewController.m in Sources */ = {isa = PBXBuildFile; fileRef = F9D4A44120EF5E25004667E5 /* FIScoreListViewController.m */; };
		F9D4A44420EF5E25004667E5 /* FIScoreListViewController.xib in Resources */ = {isa = PBXBuildFile; fileRef = F9D4A44220EF5E25004667E5 /* FIScoreListViewController.xib */; };
		F9D4A44820EF5E8D004667E5 /* FIScoreTableViewCell.m in Sources */ = {isa = PBXBuildFile; fileRef = F9D4A44620EF5E8D004667E5 /* FIScoreTableViewCell.m */; };
		F9D4A44920EF5E8D004667E5 /* FIScoreTableViewCell.xib in Resources */ = {isa = PBXBuildFile; fileRef = F9D4A44720EF5E8D004667E5 /* FIScoreTableViewCell.xib */; };
		F9D4A44C20EF7DCE004667E5 /* FIScoreData.m in Sources */ = {isa = PBXBuildFile; fileRef = F9D4A44B20EF7DCE004667E5 /* FIScoreData.m */; };
		F9DE265320E4B773007C6D0C /* FIMemberTableViewCell.m in Sources */ = {isa = PBXBuildFile; fileRef = F9DE265120E4B773007C6D0C /* FIMemberTableViewCell.m */; };
		F9DE265420E4B773007C6D0C /* FIMemberTableViewCell.xib in Resources */ = {isa = PBXBuildFile; fileRef = F9DE265220E4B773007C6D0C /* FIMemberTableViewCell.xib */; };
		F9DE265820E4C441007C6D0C /* FIAlterInfoWithMoneyViewController.m in Sources */ = {isa = PBXBuildFile; fileRef = F9DE265620E4C441007C6D0C /* FIAlterInfoWithMoneyViewController.m */; };
		F9DE265920E4C441007C6D0C /* FIAlterInfoWithMoneyViewController.xib in Resources */ = {isa = PBXBuildFile; fileRef = F9DE265720E4C441007C6D0C /* FIAlterInfoWithMoneyViewController.xib */; };
		F9DE265D20E4C864007C6D0C /* FIAlterInfoWithMoneyCell.m in Sources */ = {isa = PBXBuildFile; fileRef = F9DE265B20E4C864007C6D0C /* FIAlterInfoWithMoneyCell.m */; };
		F9DE265E20E4C864007C6D0C /* FIAlterInfoWithMoneyCell.xib in Resources */ = {isa = PBXBuildFile; fileRef = F9DE265C20E4C864007C6D0C /* FIAlterInfoWithMoneyCell.xib */; };
		F9DE266220E4DAF3007C6D0C /* FIPropListViewController.m in Sources */ = {isa = PBXBuildFile; fileRef = F9DE266020E4DAF3007C6D0C /* FIPropListViewController.m */; };
		F9DE266320E4DAF3007C6D0C /* FIPropListViewController.xib in Resources */ = {isa = PBXBuildFile; fileRef = F9DE266120E4DAF3007C6D0C /* FIPropListViewController.xib */; };
		F9DE266720E4DB02007C6D0C /* FIPropDetailViewController.m in Sources */ = {isa = PBXBuildFile; fileRef = F9DE266520E4DB02007C6D0C /* FIPropDetailViewController.m */; };
		F9DE266820E4DB02007C6D0C /* FIPropDetailViewController.xib in Resources */ = {isa = PBXBuildFile; fileRef = F9DE266620E4DB02007C6D0C /* FIPropDetailViewController.xib */; };
		F9DE266C20E4DE26007C6D0C /* FIPropData.m in Sources */ = {isa = PBXBuildFile; fileRef = F9DE266B20E4DE26007C6D0C /* FIPropData.m */; };
		F9DE267020E4F94D007C6D0C /* FINickNameViewController.m in Sources */ = {isa = PBXBuildFile; fileRef = F9DE266E20E4F94D007C6D0C /* FINickNameViewController.m */; };
		F9DE267120E4F94D007C6D0C /* FINickNameViewController.xib in Resources */ = {isa = PBXBuildFile; fileRef = F9DE266F20E4F94D007C6D0C /* FINickNameViewController.xib */; };
/* End PBXBuildFile section */

/* Begin PBXContainerItemProxy section */
		F9159E7E20C4E855002BFB1B /* PBXContainerItemProxy */ = {
			isa = PBXContainerItemProxy;
			containerPortal = F9159E5D20C4E853002BFB1B /* Project object */;
			proxyType = 1;
			remoteGlobalIDString = F9159E6420C4E853002BFB1B;
			remoteInfo = Finance;
		};
		F9159E8920C4E855002BFB1B /* PBXContainerItemProxy */ = {
			isa = PBXContainerItemProxy;
			containerPortal = F9159E5D20C4E853002BFB1B /* Project object */;
			proxyType = 1;
			remoteGlobalIDString = F9159E6420C4E853002BFB1B;
			remoteInfo = Finance;
		};
/* End PBXContainerItemProxy section */

/* Begin PBXFileReference section */
		0E7D77160E28A22A7CBE80CE /* Pods_Finance.framework */ = {isa = PBXFileReference; explicitFileType = wrapper.framework; includeInIndex = 0; path = Pods_Finance.framework; sourceTree = BUILT_PRODUCTS_DIR; };
		A9F9666A782204736AB52D75 /* Pods-Finance.release.xcconfig */ = {isa = PBXFileReference; includeInIndex = 1; lastKnownFileType = text.xcconfig; name = "Pods-Finance.release.xcconfig"; path = "Pods/Target Support Files/Pods-Finance/Pods-Finance.release.xcconfig"; sourceTree = "<group>"; };
		C18A6988405637BCB442F401 /* Pods-Finance.debug.xcconfig */ = {isa = PBXFileReference; includeInIndex = 1; lastKnownFileType = text.xcconfig; name = "Pods-Finance.debug.xcconfig"; path = "Pods/Target Support Files/Pods-Finance/Pods-Finance.debug.xcconfig"; sourceTree = "<group>"; };
		D9116E6C20EE595200F978F0 /* FIBankData.h */ = {isa = PBXFileReference; lastKnownFileType = sourcecode.c.h; path = FIBankData.h; sourceTree = "<group>"; };
		D9116E6D20EE595200F978F0 /* FIBankData.m */ = {isa = PBXFileReference; lastKnownFileType = sourcecode.c.objc; path = FIBankData.m; sourceTree = "<group>"; };
		D9116E6F20EE5BB400F978F0 /* FIHorizontalTextFieldCell.xib */ = {isa = PBXFileReference; lastKnownFileType = file.xib; path = FIHorizontalTextFieldCell.xib; sourceTree = "<group>"; };
		D9116E7020EE5BB400F978F0 /* FIHorizontalTextFieldCell.h */ = {isa = PBXFileReference; lastKnownFileType = sourcecode.c.h; path = FIHorizontalTextFieldCell.h; sourceTree = "<group>"; };
		D9116E7120EE5BB400F978F0 /* FIHorizontalTextFieldCell.m */ = {isa = PBXFileReference; lastKnownFileType = sourcecode.c.objc; path = FIHorizontalTextFieldCell.m; sourceTree = "<group>"; };
		D9116E7420EE5D9B00F978F0 /* FITextFieldViewCellDelegate.h */ = {isa = PBXFileReference; lastKnownFileType = sourcecode.c.h; path = FITextFieldViewCellDelegate.h; sourceTree = "<group>"; };
		D9116E7520EE5E0000F978F0 /* FIBankInfoViewController.xib */ = {isa = PBXFileReference; lastKnownFileType = file.xib; path = FIBankInfoViewController.xib; sourceTree = "<group>"; };
		D9116E7620EE5E0000F978F0 /* FIBankInfoViewController.h */ = {isa = PBXFileReference; lastKnownFileType = sourcecode.c.h; path = FIBankInfoViewController.h; sourceTree = "<group>"; };
		D9116E7720EE5E0100F978F0 /* FIBankInfoViewController.m */ = {isa = PBXFileReference; lastKnownFileType = sourcecode.c.objc; path = FIBankInfoViewController.m; sourceTree = "<group>"; };
		D9116E7A20EE75F100F978F0 /* FIPassWordManagerViewController.xib */ = {isa = PBXFileReference; lastKnownFileType = file.xib; path = FIPassWordManagerViewController.xib; sourceTree = "<group>"; };
		D9116E7B20EE75F100F978F0 /* FIPassWordManagerViewController.h */ = {isa = PBXFileReference; lastKnownFileType = sourcecode.c.h; path = FIPassWordManagerViewController.h; sourceTree = "<group>"; };
		D9116E7C20EE75F100F978F0 /* FIPassWordManagerViewController.m */ = {isa = PBXFileReference; lastKnownFileType = sourcecode.c.objc; path = FIPassWordManagerViewController.m; sourceTree = "<group>"; };
		D9116E8920EE794000F978F0 /* FIPassworldAlterViewController.xib */ = {isa = PBXFileReference; lastKnownFileType = file.xib; path = FIPassworldAlterViewController.xib; sourceTree = "<group>"; };
		D9116E8A20EE794100F978F0 /* FIPassworldAlterViewController.h */ = {isa = PBXFileReference; lastKnownFileType = sourcecode.c.h; path = FIPassworldAlterViewController.h; sourceTree = "<group>"; };
		D9116E8B20EE794100F978F0 /* FIPassworldAlterViewController.m */ = {isa = PBXFileReference; lastKnownFileType = sourcecode.c.objc; path = FIPassworldAlterViewController.m; sourceTree = "<group>"; };
		D91481B120E9F2280045C5E6 /* FIPropListCell.xib */ = {isa = PBXFileReference; lastKnownFileType = file.xib; path = FIPropListCell.xib; sourceTree = "<group>"; };
		D91481B220E9F2280045C5E6 /* FIPropListCell.h */ = {isa = PBXFileReference; lastKnownFileType = sourcecode.c.h; path = FIPropListCell.h; sourceTree = "<group>"; };
		D91481B320E9F2280045C5E6 /* FIPropListCell.m */ = {isa = PBXFileReference; lastKnownFileType = sourcecode.c.objc; path = FIPropListCell.m; sourceTree = "<group>"; };
		D91481B620EA5A7F0045C5E6 /* FIBankListViewController.xib */ = {isa = PBXFileReference; lastKnownFileType = file.xib; path = FIBankListViewController.xib; sourceTree = "<group>"; };
		D91481B720EA5A7F0045C5E6 /* FIBankListViewController.h */ = {isa = PBXFileReference; lastKnownFileType = sourcecode.c.h; path = FIBankListViewController.h; sourceTree = "<group>"; };
		D91481B820EA5A7F0045C5E6 /* FIBankListViewController.m */ = {isa = PBXFileReference; lastKnownFileType = sourcecode.c.objc; path = FIBankListViewController.m; sourceTree = "<group>"; };
		D91481BB20EA5BDF0045C5E6 /* FIBankListViewCell.xib */ = {isa = PBXFileReference; lastKnownFileType = file.xib; path = FIBankListViewCell.xib; sourceTree = "<group>"; };
		D91481BC20EA5BDF0045C5E6 /* FIBankListViewCell.h */ = {isa = PBXFileReference; lastKnownFileType = sourcecode.c.h; path = FIBankListViewCell.h; sourceTree = "<group>"; };
		D91481BD20EA5BDF0045C5E6 /* FIBankListViewCell.m */ = {isa = PBXFileReference; lastKnownFileType = sourcecode.c.objc; path = FIBankListViewCell.m; sourceTree = "<group>"; };
		D9AC53CC20E3D7B6002ED2F0 /* FIMemberViewController.h */ = {isa = PBXFileReference; lastKnownFileType = sourcecode.c.h; path = FIMemberViewController.h; sourceTree = "<group>"; };
		D9AC53CD20E3D7B6002ED2F0 /* FIMemberViewController.m */ = {isa = PBXFileReference; lastKnownFileType = sourcecode.c.objc; path = FIMemberViewController.m; sourceTree = "<group>"; };
		F90B426620ED045800759679 /* FIAccountCardView.h */ = {isa = PBXFileReference; lastKnownFileType = sourcecode.c.h; path = FIAccountCardView.h; sourceTree = "<group>"; };
		F90B426720ED045800759679 /* FIAccountCardView.m */ = {isa = PBXFileReference; lastKnownFileType = sourcecode.c.objc; path = FIAccountCardView.m; sourceTree = "<group>"; };
		F90B426920ED09D200759679 /* FIAliPayData.h */ = {isa = PBXFileReference; lastKnownFileType = sourcecode.c.h; path = FIAliPayData.h; sourceTree = "<group>"; };
		F90B426A20ED09D200759679 /* FIAliPayData.m */ = {isa = PBXFileReference; lastKnownFileType = sourcecode.c.objc; path = FIAliPayData.m; sourceTree = "<group>"; };
		F90B428420EF4BE600759679 /* FISettingPasswordCodeCell.h */ = {isa = PBXFileReference; lastKnownFileType = sourcecode.c.h; path = FISettingPasswordCodeCell.h; sourceTree = "<group>"; };
		F90B428520EF4BE600759679 /* FISettingPasswordCodeCell.m */ = {isa = PBXFileReference; lastKnownFileType = sourcecode.c.objc; path = FISettingPasswordCodeCell.m; sourceTree = "<group>"; };
		F90B428620EF4BE600759679 /* FISettingPasswordCodeCell.xib */ = {isa = PBXFileReference; lastKnownFileType = file.xib; path = FISettingPasswordCodeCell.xib; sourceTree = "<group>"; };
		F90EC90D20DF3B68008CD05A /* FIBuySeedViewController.h */ = {isa = PBXFileReference; lastKnownFileType = sourcecode.c.h; path = FIBuySeedViewController.h; sourceTree = "<group>"; };
		F90EC90E20DF3B68008CD05A /* FIBuySeedViewController.m */ = {isa = PBXFileReference; lastKnownFileType = sourcecode.c.objc; path = FIBuySeedViewController.m; sourceTree = "<group>"; };
		F90EC91220DF3BF1008CD05A /* FISimpleHeaderTableViewController.h */ = {isa = PBXFileReference; lastKnownFileType = sourcecode.c.h; path = FISimpleHeaderTableViewController.h; sourceTree = "<group>"; };
		F90EC91320DF3BF1008CD05A /* FISimpleHeaderTableViewController.m */ = {isa = PBXFileReference; lastKnownFileType = sourcecode.c.objc; path = FISimpleHeaderTableViewController.m; sourceTree = "<group>"; };
		F90EC91820E0C4CD008CD05A /* FITextFieldViewCell.h */ = {isa = PBXFileReference; lastKnownFileType = sourcecode.c.h; path = FITextFieldViewCell.h; sourceTree = "<group>"; };
		F90EC91920E0C4CD008CD05A /* FITextFieldViewCell.m */ = {isa = PBXFileReference; lastKnownFileType = sourcecode.c.objc; path = FITextFieldViewCell.m; sourceTree = "<group>"; };
		F90EC91A20E0C4CD008CD05A /* FITextFieldViewCell.xib */ = {isa = PBXFileReference; lastKnownFileType = file.xib; path = FITextFieldViewCell.xib; sourceTree = "<group>"; };
		F90EC91D20E0C97A008CD05A /* FIStatusTextField.h */ = {isa = PBXFileReference; lastKnownFileType = sourcecode.c.h; path = FIStatusTextField.h; sourceTree = "<group>"; };
		F90EC91E20E0C97A008CD05A /* FIStatusTextField.m */ = {isa = PBXFileReference; lastKnownFileType = sourcecode.c.objc; path = FIStatusTextField.m; sourceTree = "<group>"; };
		F90EC92120E0CADA008CD05A /* FIBusinessSeed.h */ = {isa = PBXFileReference; lastKnownFileType = sourcecode.c.h; path = FIBusinessSeed.h; sourceTree = "<group>"; };
		F90EC92220E0CADA008CD05A /* FIBusinessSeed.m */ = {isa = PBXFileReference; lastKnownFileType = sourcecode.c.objc; path = FIBusinessSeed.m; sourceTree = "<group>"; };
		F90EC92420E0FB61008CD05A /* FISellSeedViewController.h */ = {isa = PBXFileReference; lastKnownFileType = sourcecode.c.h; path = FISellSeedViewController.h; sourceTree = "<group>"; };
		F90EC92520E0FB61008CD05A /* FISellSeedViewController.m */ = {isa = PBXFileReference; lastKnownFileType = sourcecode.c.objc; path = FISellSeedViewController.m; sourceTree = "<group>"; };
		F915534C20EB282800E29FC1 /* FIAliyPayViewController.h */ = {isa = PBXFileReference; lastKnownFileType = sourcecode.c.h; path = FIAliyPayViewController.h; sourceTree = "<group>"; };
		F915534D20EB282800E29FC1 /* FIAliyPayViewController.m */ = {isa = PBXFileReference; lastKnownFileType = sourcecode.c.objc; path = FIAliyPayViewController.m; sourceTree = "<group>"; };
		F915534E20EB282800E29FC1 /* FIAliyPayViewController.xib */ = {isa = PBXFileReference; lastKnownFileType = file.xib; path = FIAliyPayViewController.xib; sourceTree = "<group>"; };
		F915535120EB4EDE00E29FC1 /* FIAddAliPayViewController.h */ = {isa = PBXFileReference; lastKnownFileType = sourcecode.c.h; path = FIAddAliPayViewController.h; sourceTree = "<group>"; };
		F915535220EB4EDE00E29FC1 /* FIAddAliPayViewController.m */ = {isa = PBXFileReference; lastKnownFileType = sourcecode.c.objc; path = FIAddAliPayViewController.m; sourceTree = "<group>"; };
		F915535320EB4EDE00E29FC1 /* FIAddAliPayViewController.xib */ = {isa = PBXFileReference; lastKnownFileType = file.xib; path = FIAddAliPayViewController.xib; sourceTree = "<group>"; };
		F9159E6520C4E853002BFB1B /* Finance.app */ = {isa = PBXFileReference; explicitFileType = wrapper.application; includeInIndex = 0; path = Finance.app; sourceTree = BUILT_PRODUCTS_DIR; };
		F9159E6820C4E853002BFB1B /* AppDelegate.h */ = {isa = PBXFileReference; lastKnownFileType = sourcecode.c.h; path = AppDelegate.h; sourceTree = "<group>"; };
		F9159E6920C4E853002BFB1B /* AppDelegate.m */ = {isa = PBXFileReference; lastKnownFileType = sourcecode.c.objc; path = AppDelegate.m; sourceTree = "<group>"; };
		F9159E6B20C4E853002BFB1B /* ViewController.h */ = {isa = PBXFileReference; lastKnownFileType = sourcecode.c.h; path = ViewController.h; sourceTree = "<group>"; };
		F9159E6C20C4E853002BFB1B /* ViewController.m */ = {isa = PBXFileReference; lastKnownFileType = sourcecode.c.objc; path = ViewController.m; sourceTree = "<group>"; };
		F9159E7120C4E855002BFB1B /* Assets.xcassets */ = {isa = PBXFileReference; lastKnownFileType = folder.assetcatalog; path = Assets.xcassets; sourceTree = "<group>"; };
		F9159E7420C4E855002BFB1B /* Base */ = {isa = PBXFileReference; lastKnownFileType = file.storyboard; name = Base; path = Base.lproj/LaunchScreen.storyboard; sourceTree = "<group>"; };
		F9159E7620C4E855002BFB1B /* Info.plist */ = {isa = PBXFileReference; lastKnownFileType = text.plist.xml; path = Info.plist; sourceTree = "<group>"; };
		F9159E7720C4E855002BFB1B /* main.m */ = {isa = PBXFileReference; lastKnownFileType = sourcecode.c.objc; path = main.m; sourceTree = "<group>"; };
		F9159E7D20C4E855002BFB1B /* FinanceTests.xctest */ = {isa = PBXFileReference; explicitFileType = wrapper.cfbundle; includeInIndex = 0; path = FinanceTests.xctest; sourceTree = BUILT_PRODUCTS_DIR; };
		F9159E8120C4E855002BFB1B /* FinanceTests.m */ = {isa = PBXFileReference; lastKnownFileType = sourcecode.c.objc; path = FinanceTests.m; sourceTree = "<group>"; };
		F9159E8320C4E855002BFB1B /* Info.plist */ = {isa = PBXFileReference; lastKnownFileType = text.plist.xml; path = Info.plist; sourceTree = "<group>"; };
		F9159E8820C4E855002BFB1B /* FinanceUITests.xctest */ = {isa = PBXFileReference; explicitFileType = wrapper.cfbundle; includeInIndex = 0; path = FinanceUITests.xctest; sourceTree = BUILT_PRODUCTS_DIR; };
		F9159E8C20C4E855002BFB1B /* FinanceUITests.m */ = {isa = PBXFileReference; lastKnownFileType = sourcecode.c.objc; path = FinanceUITests.m; sourceTree = "<group>"; };
		F9159E8E20C4E855002BFB1B /* Info.plist */ = {isa = PBXFileReference; lastKnownFileType = text.plist.xml; path = Info.plist; sourceTree = "<group>"; };
		F93EBC8720C68D380000AE72 /* HttpRequest.h */ = {isa = PBXFileReference; lastKnownFileType = sourcecode.c.h; path = HttpRequest.h; sourceTree = "<group>"; };
		F93EBC8820C68D380000AE72 /* HttpRequest.m */ = {isa = PBXFileReference; lastKnownFileType = sourcecode.c.objc; path = HttpRequest.m; sourceTree = "<group>"; };
		F93EBC8B20C6908D0000AE72 /* API.h */ = {isa = PBXFileReference; lastKnownFileType = sourcecode.c.h; path = API.h; sourceTree = "<group>"; };
		F93EBC8F20C69DF20000AE72 /* GTMBase64.h */ = {isa = PBXFileReference; fileEncoding = 4; lastKnownFileType = sourcecode.c.h; path = GTMBase64.h; sourceTree = "<group>"; };
		F93EBC9020C69DF20000AE72 /* GTMBase64.m */ = {isa = PBXFileReference; fileEncoding = 4; lastKnownFileType = sourcecode.c.objc; path = GTMBase64.m; sourceTree = "<group>"; };
		F93EBC9120C69DF20000AE72 /* GTMDefines.h */ = {isa = PBXFileReference; fileEncoding = 4; lastKnownFileType = sourcecode.c.h; path = GTMDefines.h; sourceTree = "<group>"; };
		F93EBC9320C69F330000AE72 /* WFEncrypt.h */ = {isa = PBXFileReference; lastKnownFileType = sourcecode.c.h; path = WFEncrypt.h; sourceTree = "<group>"; };
		F93EBC9420C69F330000AE72 /* WFEncrypt.m */ = {isa = PBXFileReference; lastKnownFileType = sourcecode.c.objc; path = WFEncrypt.m; sourceTree = "<group>"; };
		F93EBCD820C79CCE0000AE72 /* JSONUtils.h */ = {isa = PBXFileReference; fileEncoding = 4; lastKnownFileType = sourcecode.c.h; path = JSONUtils.h; sourceTree = "<group>"; };
		F93EBCD920C79CCE0000AE72 /* JSONUtils.m */ = {isa = PBXFileReference; fileEncoding = 4; lastKnownFileType = sourcecode.c.objc; path = JSONUtils.m; sourceTree = "<group>"; };
		F93EBCDF20C7B6DD0000AE72 /* FILoginViewController.h */ = {isa = PBXFileReference; lastKnownFileType = sourcecode.c.h; path = FILoginViewController.h; sourceTree = "<group>"; };
		F93EBCE020C7B6DD0000AE72 /* FILoginViewController.m */ = {isa = PBXFileReference; lastKnownFileType = sourcecode.c.objc; path = FILoginViewController.m; sourceTree = "<group>"; };
		F93EBCE120C7B6DD0000AE72 /* FILoginViewController.xib */ = {isa = PBXFileReference; lastKnownFileType = file.xib; path = FILoginViewController.xib; sourceTree = "<group>"; };
		F93EBCE420C7BAF50000AE72 /* FIRegisterViewController.h */ = {isa = PBXFileReference; lastKnownFileType = sourcecode.c.h; path = FIRegisterViewController.h; sourceTree = "<group>"; };
		F93EBCE520C7BAF50000AE72 /* FIRegisterViewController.m */ = {isa = PBXFileReference; lastKnownFileType = sourcecode.c.objc; path = FIRegisterViewController.m; sourceTree = "<group>"; };
		F93EBCE620C7BAF50000AE72 /* FIRegisterViewController.xib */ = {isa = PBXFileReference; lastKnownFileType = file.xib; path = FIRegisterViewController.xib; sourceTree = "<group>"; };
		F93EBCEA20C7BDAA0000AE72 /* FIBaseViewController.h */ = {isa = PBXFileReference; lastKnownFileType = sourcecode.c.h; path = FIBaseViewController.h; sourceTree = "<group>"; };
		F93EBCEB20C7BDAA0000AE72 /* FIBaseViewController.m */ = {isa = PBXFileReference; lastKnownFileType = sourcecode.c.objc; path = FIBaseViewController.m; sourceTree = "<group>"; };
		F93EBCED20C7C4A70000AE72 /* UIImage+Color.h */ = {isa = PBXFileReference; fileEncoding = 4; lastKnownFileType = sourcecode.c.h; path = "UIImage+Color.h"; sourceTree = "<group>"; };
		F93EBCEE20C7C4A70000AE72 /* UIImage+Color.m */ = {isa = PBXFileReference; fileEncoding = 4; lastKnownFileType = sourcecode.c.objc; path = "UIImage+Color.m"; sourceTree = "<group>"; };
		F93EBCF020C7D0E50000AE72 /* PrefixHeader.pch */ = {isa = PBXFileReference; lastKnownFileType = sourcecode.c.h; path = PrefixHeader.pch; sourceTree = "<group>"; };
		F93EBCF120C7D2000000AE72 /* FIUser.h */ = {isa = PBXFileReference; lastKnownFileType = sourcecode.c.h; path = FIUser.h; sourceTree = "<group>"; };
		F93EBCF220C7D2000000AE72 /* FIUser.m */ = {isa = PBXFileReference; lastKnownFileType = sourcecode.c.objc; path = FIUser.m; sourceTree = "<group>"; };
		F93EBCF420C7D46D0000AE72 /* FIRegisterFinishViewController.h */ = {isa = PBXFileReference; lastKnownFileType = sourcecode.c.h; path = FIRegisterFinishViewController.h; sourceTree = "<group>"; };
		F93EBCF520C7D46D0000AE72 /* FIRegisterFinishViewController.m */ = {isa = PBXFileReference; lastKnownFileType = sourcecode.c.objc; path = FIRegisterFinishViewController.m; sourceTree = "<group>"; };
		F93EBCF620C7D46D0000AE72 /* FIRegisterFinishViewController.xib */ = {isa = PBXFileReference; lastKnownFileType = file.xib; path = FIRegisterFinishViewController.xib; sourceTree = "<group>"; };
		F93EBCF920C7D6CB0000AE72 /* FIBaseNavigationViewController.h */ = {isa = PBXFileReference; lastKnownFileType = sourcecode.c.h; path = FIBaseNavigationViewController.h; sourceTree = "<group>"; };
		F93EBCFA20C7D6CB0000AE72 /* FIBaseNavigationViewController.m */ = {isa = PBXFileReference; lastKnownFileType = sourcecode.c.objc; path = FIBaseNavigationViewController.m; sourceTree = "<group>"; };
		F93EBCFC20C7E0230000AE72 /* UIView+Toast.m */ = {isa = PBXFileReference; fileEncoding = 4; lastKnownFileType = sourcecode.c.objc; path = "UIView+Toast.m"; sourceTree = "<group>"; };
		F93EBCFD20C7E0230000AE72 /* UIView+Toast.h */ = {isa = PBXFileReference; fileEncoding = 4; lastKnownFileType = sourcecode.c.h; path = "UIView+Toast.h"; sourceTree = "<group>"; };
		F93EBCFF20C7E53F0000AE72 /* SysUtils.h */ = {isa = PBXFileReference; lastKnownFileType = sourcecode.c.h; path = SysUtils.h; sourceTree = "<group>"; };
		F93EBD0020C7E53F0000AE72 /* SysUtils.m */ = {isa = PBXFileReference; lastKnownFileType = sourcecode.c.objc; path = SysUtils.m; sourceTree = "<group>"; };
		F93EBD0220C7E6070000AE72 /* SFHFKeychainUtils.m */ = {isa = PBXFileReference; fileEncoding = 4; lastKnownFileType = sourcecode.c.objc; path = SFHFKeychainUtils.m; sourceTree = "<group>"; };
		F93EBD0320C7E6070000AE72 /* SFHFKeychainUtils.h */ = {isa = PBXFileReference; fileEncoding = 4; lastKnownFileType = sourcecode.c.h; path = SFHFKeychainUtils.h; sourceTree = "<group>"; };
		F93EBD0720C7F04F0000AE72 /* FIHomeViewController.h */ = {isa = PBXFileReference; lastKnownFileType = sourcecode.c.h; path = FIHomeViewController.h; sourceTree = "<group>"; };
		F93EBD0820C7F04F0000AE72 /* FIHomeViewController.m */ = {isa = PBXFileReference; lastKnownFileType = sourcecode.c.objc; path = FIHomeViewController.m; sourceTree = "<group>"; };
		F93EBD0920C7F04F0000AE72 /* FIHomeViewController.xib */ = {isa = PBXFileReference; lastKnownFileType = file.xib; path = FIHomeViewController.xib; sourceTree = "<group>"; };
		F943F3A520E21C060065640C /* FIBagViewController.h */ = {isa = PBXFileReference; lastKnownFileType = sourcecode.c.h; path = FIBagViewController.h; sourceTree = "<group>"; };
		F943F3A620E21C060065640C /* FIBagViewController.m */ = {isa = PBXFileReference; lastKnownFileType = sourcecode.c.objc; path = FIBagViewController.m; sourceTree = "<group>"; };
		F94F097B20DCA4740076A073 /* FICenterData.h */ = {isa = PBXFileReference; lastKnownFileType = sourcecode.c.h; path = FICenterData.h; sourceTree = "<group>"; };
		F94F097C20DCA4740076A073 /* FICenterData.m */ = {isa = PBXFileReference; lastKnownFileType = sourcecode.c.objc; path = FICenterData.m; sourceTree = "<group>"; };
		F94F097F20DCAA140076A073 /* FITeam.h */ = {isa = PBXFileReference; lastKnownFileType = sourcecode.c.h; path = FITeam.h; sourceTree = "<group>"; };
		F94F098020DCAA140076A073 /* FITeam.m */ = {isa = PBXFileReference; lastKnownFileType = sourcecode.c.objc; path = FITeam.m; sourceTree = "<group>"; };
		F9545C3A20D8F22000531C66 /* FIRegisterSuccessViewController.h */ = {isa = PBXFileReference; lastKnownFileType = sourcecode.c.h; path = FIRegisterSuccessViewController.h; sourceTree = "<group>"; };
		F9545C3B20D8F22000531C66 /* FIRegisterSuccessViewController.m */ = {isa = PBXFileReference; lastKnownFileType = sourcecode.c.objc; path = FIRegisterSuccessViewController.m; sourceTree = "<group>"; };
		F9545C3C20D8F22000531C66 /* FIRegisterSuccessViewController.xib */ = {isa = PBXFileReference; lastKnownFileType = file.xib; path = FIRegisterSuccessViewController.xib; sourceTree = "<group>"; };
		F9545C3F20D8F47B00531C66 /* FIFindPasswordViewController.h */ = {isa = PBXFileReference; lastKnownFileType = sourcecode.c.h; path = FIFindPasswordViewController.h; sourceTree = "<group>"; };
		F9545C4020D8F47B00531C66 /* FIFindPasswordViewController.m */ = {isa = PBXFileReference; lastKnownFileType = sourcecode.c.objc; path = FIFindPasswordViewController.m; sourceTree = "<group>"; };
		F9545C4120D8F47B00531C66 /* FIFindPasswordViewController.xib */ = {isa = PBXFileReference; lastKnownFileType = file.xib; path = FIFindPasswordViewController.xib; sourceTree = "<group>"; };
		F9545C4520DB4F9400531C66 /* FIHomeHeaderView.h */ = {isa = PBXFileReference; lastKnownFileType = sourcecode.c.h; path = FIHomeHeaderView.h; sourceTree = "<group>"; };
		F9545C4620DB4F9400531C66 /* FIHomeHeaderView.m */ = {isa = PBXFileReference; lastKnownFileType = sourcecode.c.objc; path = FIHomeHeaderView.m; sourceTree = "<group>"; };
		F9545C4820DB4FE600531C66 /* FIHomeHeaderView.xib */ = {isa = PBXFileReference; lastKnownFileType = file.xib; path = FIHomeHeaderView.xib; sourceTree = "<group>"; };
		F9545C4A20DB7CA900531C66 /* FIHomeManagerCell.h */ = {isa = PBXFileReference; lastKnownFileType = sourcecode.c.h; path = FIHomeManagerCell.h; sourceTree = "<group>"; };
		F9545C4B20DB7CA900531C66 /* FIHomeManagerCell.m */ = {isa = PBXFileReference; lastKnownFileType = sourcecode.c.objc; path = FIHomeManagerCell.m; sourceTree = "<group>"; };
		F9545C4C20DB7CA900531C66 /* FIHomeManagerCell.xib */ = {isa = PBXFileReference; lastKnownFileType = file.xib; path = FIHomeManagerCell.xib; sourceTree = "<group>"; };
		F9545C4F20DB8B0400531C66 /* FISectionHeaderCell.h */ = {isa = PBXFileReference; lastKnownFileType = sourcecode.c.h; path = FISectionHeaderCell.h; sourceTree = "<group>"; };
		F9545C5020DB8B0400531C66 /* FISectionHeaderCell.m */ = {isa = PBXFileReference; lastKnownFileType = sourcecode.c.objc; path = FISectionHeaderCell.m; sourceTree = "<group>"; };
		F9545C5420DB8D5600531C66 /* FIHomeOrderViewCell.h */ = {isa = PBXFileReference; lastKnownFileType = sourcecode.c.h; path = FIHomeOrderViewCell.h; sourceTree = "<group>"; };
		F9545C5520DB8D5600531C66 /* FIHomeOrderViewCell.m */ = {isa = PBXFileReference; lastKnownFileType = sourcecode.c.objc; path = FIHomeOrderViewCell.m; sourceTree = "<group>"; };
		F9545C5620DB8D5600531C66 /* FIHomeOrderViewCell.xib */ = {isa = PBXFileReference; lastKnownFileType = file.xib; path = FIHomeOrderViewCell.xib; sourceTree = "<group>"; };
		F9545C5920DB90C000531C66 /* FIBadgeView.h */ = {isa = PBXFileReference; lastKnownFileType = sourcecode.c.h; path = FIBadgeView.h; sourceTree = "<group>"; };
		F9545C5A20DB90C000531C66 /* FIBadgeView.m */ = {isa = PBXFileReference; lastKnownFileType = sourcecode.c.objc; path = FIBadgeView.m; sourceTree = "<group>"; };
		F9545C5D20DB98A200531C66 /* FIHomeData.h */ = {isa = PBXFileReference; lastKnownFileType = sourcecode.c.h; path = FIHomeData.h; sourceTree = "<group>"; };
		F9545C5E20DB98A200531C66 /* FIHomeData.m */ = {isa = PBXFileReference; lastKnownFileType = sourcecode.c.objc; path = FIHomeData.m; sourceTree = "<group>"; };
		F9545C6020DB9B0100531C66 /* FInanceCenterViewController.h */ = {isa = PBXFileReference; lastKnownFileType = sourcecode.c.h; path = FInanceCenterViewController.h; sourceTree = "<group>"; };
		F9545C6120DB9B0100531C66 /* FInanceCenterViewController.m */ = {isa = PBXFileReference; lastKnownFileType = sourcecode.c.objc; path = FInanceCenterViewController.m; sourceTree = "<group>"; };
		F9545C6520DBA37300531C66 /* FIMyTeamViewController.h */ = {isa = PBXFileReference; lastKnownFileType = sourcecode.c.h; path = FIMyTeamViewController.h; sourceTree = "<group>"; };
		F9545C6620DBA37300531C66 /* FIMyTeamViewController.m */ = {isa = PBXFileReference; lastKnownFileType = sourcecode.c.objc; path = FIMyTeamViewController.m; sourceTree = "<group>"; };
		F9545C6720DBA37300531C66 /* FIMyTeamViewController.xib */ = {isa = PBXFileReference; lastKnownFileType = file.xib; path = FIMyTeamViewController.xib; sourceTree = "<group>"; };
		F9545C6A20DBACCE00531C66 /* FiActiveMemberViewController.h */ = {isa = PBXFileReference; lastKnownFileType = sourcecode.c.h; path = FiActiveMemberViewController.h; sourceTree = "<group>"; };
		F9545C6B20DBACCE00531C66 /* FiActiveMemberViewController.m */ = {isa = PBXFileReference; lastKnownFileType = sourcecode.c.objc; path = FiActiveMemberViewController.m; sourceTree = "<group>"; };
		F9545C6C20DBACCE00531C66 /* FiActiveMemberViewController.xib */ = {isa = PBXFileReference; lastKnownFileType = file.xib; path = FiActiveMemberViewController.xib; sourceTree = "<group>"; };
		F9545C6F20DBB59600531C66 /* FIMyMasterViewController.h */ = {isa = PBXFileReference; lastKnownFileType = sourcecode.c.h; path = FIMyMasterViewController.h; sourceTree = "<group>"; };
		F9545C7020DBB59600531C66 /* FIMyMasterViewController.m */ = {isa = PBXFileReference; lastKnownFileType = sourcecode.c.objc; path = FIMyMasterViewController.m; sourceTree = "<group>"; };
		F9545C7120DBB59600531C66 /* FIMyMasterViewController.xib */ = {isa = PBXFileReference; lastKnownFileType = file.xib; path = FIMyMasterViewController.xib; sourceTree = "<group>"; };
		F9545C7420DBBC4400531C66 /* FISectionHeaderCell.xib */ = {isa = PBXFileReference; fileEncoding = 4; lastKnownFileType = file.xib; path = FISectionHeaderCell.xib; sourceTree = "<group>"; };
		F9545C7620DBBCC900531C66 /* FICenterRecordCell.h */ = {isa = PBXFileReference; lastKnownFileType = sourcecode.c.h; path = FICenterRecordCell.h; sourceTree = "<group>"; };
		F9545C7720DBBCC900531C66 /* FICenterRecordCell.m */ = {isa = PBXFileReference; lastKnownFileType = sourcecode.c.objc; path = FICenterRecordCell.m; sourceTree = "<group>"; };
		F9545C7820DBBCC900531C66 /* FICenterRecordCell.xib */ = {isa = PBXFileReference; lastKnownFileType = file.xib; path = FICenterRecordCell.xib; sourceTree = "<group>"; };
		F9545C7B20DBC3B400531C66 /* FIPictureTableViewCell.h */ = {isa = PBXFileReference; lastKnownFileType = sourcecode.c.h; path = FIPictureTableViewCell.h; sourceTree = "<group>"; };
		F9545C7C20DBC3B400531C66 /* FIPictureTableViewCell.m */ = {isa = PBXFileReference; lastKnownFileType = sourcecode.c.objc; path = FIPictureTableViewCell.m; sourceTree = "<group>"; };
		F9545C7D20DBC3B400531C66 /* FIPictureTableViewCell.xib */ = {isa = PBXFileReference; lastKnownFileType = file.xib; path = FIPictureTableViewCell.xib; sourceTree = "<group>"; };
		F9545C8020DBC9AB00531C66 /* FICenterGainCell.h */ = {isa = PBXFileReference; lastKnownFileType = sourcecode.c.h; path = FICenterGainCell.h; sourceTree = "<group>"; };
		F9545C8120DBC9AB00531C66 /* FICenterGainCell.m */ = {isa = PBXFileReference; lastKnownFileType = sourcecode.c.objc; path = FICenterGainCell.m; sourceTree = "<group>"; };
		F9545C8220DBC9AB00531C66 /* FICenterGainCell.xib */ = {isa = PBXFileReference; lastKnownFileType = file.xib; path = FICenterGainCell.xib; sourceTree = "<group>"; };
		F95671F120F3021800DB825A /* FIScoreViewController.h */ = {isa = PBXFileReference; lastKnownFileType = sourcecode.c.h; path = FIScoreViewController.h; sourceTree = "<group>"; };
		F95671F220F3021800DB825A /* FIScoreViewController.m */ = {isa = PBXFileReference; lastKnownFileType = sourcecode.c.objc; path = FIScoreViewController.m; sourceTree = "<group>"; };
		F95671F420F3051A00DB825A /* FIActivityCoceViewController.h */ = {isa = PBXFileReference; lastKnownFileType = sourcecode.c.h; path = FIActivityCoceViewController.h; sourceTree = "<group>"; };
		F95671F520F3051A00DB825A /* FIActivityCoceViewController.m */ = {isa = PBXFileReference; lastKnownFileType = sourcecode.c.objc; path = FIActivityCoceViewController.m; sourceTree = "<group>"; };
		F95671F720F30AF500DB825A /* FIPasswordView.h */ = {isa = PBXFileReference; lastKnownFileType = sourcecode.c.h; path = FIPasswordView.h; sourceTree = "<group>"; };
		F95671F820F30AF500DB825A /* FIPasswordView.m */ = {isa = PBXFileReference; lastKnownFileType = sourcecode.c.objc; path = FIPasswordView.m; sourceTree = "<group>"; };
		F95671FA20F30B0600DB825A /* FIPasswordView.xib */ = {isa = PBXFileReference; lastKnownFileType = file.xib; path = FIPasswordView.xib; sourceTree = "<group>"; };
		F96940EF20E386BC00968B27 /* FIUserInfoViewController.h */ = {isa = PBXFileReference; lastKnownFileType = sourcecode.c.h; path = FIUserInfoViewController.h; sourceTree = "<group>"; };
		F96940F020E386BC00968B27 /* FIUserInfoViewController.m */ = {isa = PBXFileReference; lastKnownFileType = sourcecode.c.objc; path = FIUserInfoViewController.m; sourceTree = "<group>"; };
		F96940F120E386BC00968B27 /* FIUserInfoViewController.xib */ = {isa = PBXFileReference; lastKnownFileType = file.xib; path = FIUserInfoViewController.xib; sourceTree = "<group>"; };
		F96940F620E38C0B00968B27 /* FIAccontSettingViewController.h */ = {isa = PBXFileReference; lastKnownFileType = sourcecode.c.h; path = FIAccontSettingViewController.h; sourceTree = "<group>"; };
		F96940F720E38C0B00968B27 /* FIAccontSettingViewController.m */ = {isa = PBXFileReference; lastKnownFileType = sourcecode.c.objc; path = FIAccontSettingViewController.m; sourceTree = "<group>"; };
		F96940F820E38C0B00968B27 /* FIAccontSettingViewController.xib */ = {isa = PBXFileReference; lastKnownFileType = file.xib; path = FIAccontSettingViewController.xib; sourceTree = "<group>"; };
		F96940FB20E3A6F900968B27 /* FIUserInfo.h */ = {isa = PBXFileReference; lastKnownFileType = sourcecode.c.h; path = FIUserInfo.h; sourceTree = "<group>"; };
		F96940FC20E3A6F900968B27 /* FIUserInfo.m */ = {isa = PBXFileReference; lastKnownFileType = sourcecode.c.objc; path = FIUserInfo.m; sourceTree = "<group>"; };
		F9D4A44020EF5E25004667E5 /* FIScoreListViewController.h */ = {isa = PBXFileReference; lastKnownFileType = sourcecode.c.h; path = FIScoreListViewController.h; sourceTree = "<group>"; };
		F9D4A44120EF5E25004667E5 /* FIScoreListViewController.m */ = {isa = PBXFileReference; lastKnownFileType = sourcecode.c.objc; path = FIScoreListViewController.m; sourceTree = "<group>"; };
		F9D4A44220EF5E25004667E5 /* FIScoreListViewController.xib */ = {isa = PBXFileReference; lastKnownFileType = file.xib; path = FIScoreListViewController.xib; sourceTree = "<group>"; };
		F9D4A44520EF5E8D004667E5 /* FIScoreTableViewCell.h */ = {isa = PBXFileReference; lastKnownFileType = sourcecode.c.h; path = FIScoreTableViewCell.h; sourceTree = "<group>"; };
		F9D4A44620EF5E8D004667E5 /* FIScoreTableViewCell.m */ = {isa = PBXFileReference; lastKnownFileType = sourcecode.c.objc; path = FIScoreTableViewCell.m; sourceTree = "<group>"; };
		F9D4A44720EF5E8D004667E5 /* FIScoreTableViewCell.xib */ = {isa = PBXFileReference; lastKnownFileType = file.xib; path = FIScoreTableViewCell.xib; sourceTree = "<group>"; };
		F9D4A44A20EF7DCE004667E5 /* FIScoreData.h */ = {isa = PBXFileReference; lastKnownFileType = sourcecode.c.h; path = FIScoreData.h; sourceTree = "<group>"; };
		F9D4A44B20EF7DCE004667E5 /* FIScoreData.m */ = {isa = PBXFileReference; lastKnownFileType = sourcecode.c.objc; path = FIScoreData.m; sourceTree = "<group>"; };
		F9DE265020E4B773007C6D0C /* FIMemberTableViewCell.h */ = {isa = PBXFileReference; lastKnownFileType = sourcecode.c.h; path = FIMemberTableViewCell.h; sourceTree = "<group>"; };
		F9DE265120E4B773007C6D0C /* FIMemberTableViewCell.m */ = {isa = PBXFileReference; lastKnownFileType = sourcecode.c.objc; path = FIMemberTableViewCell.m; sourceTree = "<group>"; };
		F9DE265220E4B773007C6D0C /* FIMemberTableViewCell.xib */ = {isa = PBXFileReference; lastKnownFileType = file.xib; path = FIMemberTableViewCell.xib; sourceTree = "<group>"; };
		F9DE265520E4C441007C6D0C /* FIAlterInfoWithMoneyViewController.h */ = {isa = PBXFileReference; lastKnownFileType = sourcecode.c.h; path = FIAlterInfoWithMoneyViewController.h; sourceTree = "<group>"; };
		F9DE265620E4C441007C6D0C /* FIAlterInfoWithMoneyViewController.m */ = {isa = PBXFileReference; lastKnownFileType = sourcecode.c.objc; path = FIAlterInfoWithMoneyViewController.m; sourceTree = "<group>"; };
		F9DE265720E4C441007C6D0C /* FIAlterInfoWithMoneyViewController.xib */ = {isa = PBXFileReference; lastKnownFileType = file.xib; path = FIAlterInfoWithMoneyViewController.xib; sourceTree = "<group>"; };
		F9DE265A20E4C864007C6D0C /* FIAlterInfoWithMoneyCell.h */ = {isa = PBXFileReference; lastKnownFileType = sourcecode.c.h; path = FIAlterInfoWithMoneyCell.h; sourceTree = "<group>"; };
		F9DE265B20E4C864007C6D0C /* FIAlterInfoWithMoneyCell.m */ = {isa = PBXFileReference; lastKnownFileType = sourcecode.c.objc; path = FIAlterInfoWithMoneyCell.m; sourceTree = "<group>"; };
		F9DE265C20E4C864007C6D0C /* FIAlterInfoWithMoneyCell.xib */ = {isa = PBXFileReference; lastKnownFileType = file.xib; path = FIAlterInfoWithMoneyCell.xib; sourceTree = "<group>"; };
		F9DE265F20E4DAF3007C6D0C /* FIPropListViewController.h */ = {isa = PBXFileReference; lastKnownFileType = sourcecode.c.h; path = FIPropListViewController.h; sourceTree = "<group>"; };
		F9DE266020E4DAF3007C6D0C /* FIPropListViewController.m */ = {isa = PBXFileReference; lastKnownFileType = sourcecode.c.objc; path = FIPropListViewController.m; sourceTree = "<group>"; };
		F9DE266120E4DAF3007C6D0C /* FIPropListViewController.xib */ = {isa = PBXFileReference; lastKnownFileType = file.xib; path = FIPropListViewController.xib; sourceTree = "<group>"; };
		F9DE266420E4DB02007C6D0C /* FIPropDetailViewController.h */ = {isa = PBXFileReference; lastKnownFileType = sourcecode.c.h; path = FIPropDetailViewController.h; sourceTree = "<group>"; };
		F9DE266520E4DB02007C6D0C /* FIPropDetailViewController.m */ = {isa = PBXFileReference; lastKnownFileType = sourcecode.c.objc; path = FIPropDetailViewController.m; sourceTree = "<group>"; };
		F9DE266620E4DB02007C6D0C /* FIPropDetailViewController.xib */ = {isa = PBXFileReference; lastKnownFileType = file.xib; path = FIPropDetailViewController.xib; sourceTree = "<group>"; };
		F9DE266A20E4DE26007C6D0C /* FIPropData.h */ = {isa = PBXFileReference; lastKnownFileType = sourcecode.c.h; path = FIPropData.h; sourceTree = "<group>"; };
		F9DE266B20E4DE26007C6D0C /* FIPropData.m */ = {isa = PBXFileReference; lastKnownFileType = sourcecode.c.objc; path = FIPropData.m; sourceTree = "<group>"; };
		F9DE266D20E4F94D007C6D0C /* FINickNameViewController.h */ = {isa = PBXFileReference; lastKnownFileType = sourcecode.c.h; path = FINickNameViewController.h; sourceTree = "<group>"; };
		F9DE266E20E4F94D007C6D0C /* FINickNameViewController.m */ = {isa = PBXFileReference; lastKnownFileType = sourcecode.c.objc; path = FINickNameViewController.m; sourceTree = "<group>"; };
		F9DE266F20E4F94D007C6D0C /* FINickNameViewController.xib */ = {isa = PBXFileReference; lastKnownFileType = file.xib; path = FINickNameViewController.xib; sourceTree = "<group>"; };
/* End PBXFileReference section */

/* Begin PBXFrameworksBuildPhase section */
		F9159E6220C4E853002BFB1B /* Frameworks */ = {
			isa = PBXFrameworksBuildPhase;
			buildActionMask = 2147483647;
			files = (
				5E5A4B827C14CB303E022C57 /* Pods_Finance.framework in Frameworks */,
			);
			runOnlyForDeploymentPostprocessing = 0;
		};
		F9159E7A20C4E855002BFB1B /* Frameworks */ = {
			isa = PBXFrameworksBuildPhase;
			buildActionMask = 2147483647;
			files = (
			);
			runOnlyForDeploymentPostprocessing = 0;
		};
		F9159E8520C4E855002BFB1B /* Frameworks */ = {
			isa = PBXFrameworksBuildPhase;
			buildActionMask = 2147483647;
			files = (
			);
			runOnlyForDeploymentPostprocessing = 0;
		};
/* End PBXFrameworksBuildPhase section */

/* Begin PBXGroup section */
		AE11D398A426916DAEA26CAE /* Pods */ = {
			isa = PBXGroup;
			children = (
				C18A6988405637BCB442F401 /* Pods-Finance.debug.xcconfig */,
				A9F9666A782204736AB52D75 /* Pods-Finance.release.xcconfig */,
			);
			name = Pods;
			sourceTree = "<group>";
		};
		E4B814661964A7E1DC4B217D /* Frameworks */ = {
			isa = PBXGroup;
			children = (
				0E7D77160E28A22A7CBE80CE /* Pods_Finance.framework */,
			);
			name = Frameworks;
			sourceTree = "<group>";
		};
		F90EC90B20DF3B44008CD05A /* Seed */ = {
			isa = PBXGroup;
			children = (
				F90EC92020E0C980008CD05A /* Model */,
				F90EC91720E0C45D008CD05A /* View */,
				F90EC90C20DF3B48008CD05A /* ViewController */,
			);
			path = Seed;
			sourceTree = "<group>";
		};
		F90EC90C20DF3B48008CD05A /* ViewController */ = {
			isa = PBXGroup;
			children = (
				F90EC90D20DF3B68008CD05A /* FIBuySeedViewController.h */,
				F90EC90E20DF3B68008CD05A /* FIBuySeedViewController.m */,
				F90EC91220DF3BF1008CD05A /* FISimpleHeaderTableViewController.h */,
				F90EC91320DF3BF1008CD05A /* FISimpleHeaderTableViewController.m */,
				F90EC92420E0FB61008CD05A /* FISellSeedViewController.h */,
				F90EC92520E0FB61008CD05A /* FISellSeedViewController.m */,
				F943F3A520E21C060065640C /* FIBagViewController.h */,
				F943F3A620E21C060065640C /* FIBagViewController.m */,
				F95671F420F3051A00DB825A /* FIActivityCoceViewController.h */,
				F95671F520F3051A00DB825A /* FIActivityCoceViewController.m */,
			);
			path = ViewController;
			sourceTree = "<group>";
		};
		F90EC91720E0C45D008CD05A /* View */ = {
			isa = PBXGroup;
			children = (
				F90EC91820E0C4CD008CD05A /* FITextFieldViewCell.h */,
				F90EC91920E0C4CD008CD05A /* FITextFieldViewCell.m */,
				F90EC91A20E0C4CD008CD05A /* FITextFieldViewCell.xib */,
				F90EC91D20E0C97A008CD05A /* FIStatusTextField.h */,
				F90EC91E20E0C97A008CD05A /* FIStatusTextField.m */,
			);
			path = View;
			sourceTree = "<group>";
		};
		F90EC92020E0C980008CD05A /* Model */ = {
			isa = PBXGroup;
			children = (
				F90EC92120E0CADA008CD05A /* FIBusinessSeed.h */,
				F90EC92220E0CADA008CD05A /* FIBusinessSeed.m */,
				D9116E7420EE5D9B00F978F0 /* FITextFieldViewCellDelegate.h */,
			);
			path = Model;
			sourceTree = "<group>";
		};
		F9159E5C20C4E853002BFB1B = {
			isa = PBXGroup;
			children = (
				F9159E6720C4E853002BFB1B /* Finance */,
				F9159E8020C4E855002BFB1B /* FinanceTests */,
				F9159E8B20C4E855002BFB1B /* FinanceUITests */,
				F9159E6620C4E853002BFB1B /* Products */,
				AE11D398A426916DAEA26CAE /* Pods */,
				E4B814661964A7E1DC4B217D /* Frameworks */,
			);
			sourceTree = "<group>";
		};
		F9159E6620C4E853002BFB1B /* Products */ = {
			isa = PBXGroup;
			children = (
				F9159E6520C4E853002BFB1B /* Finance.app */,
				F9159E7D20C4E855002BFB1B /* FinanceTests.xctest */,
				F9159E8820C4E855002BFB1B /* FinanceUITests.xctest */,
			);
			name = Products;
			sourceTree = "<group>";
		};
		F9159E6720C4E853002BFB1B /* Finance */ = {
			isa = PBXGroup;
			children = (
				F96940F420E38BEB00968B27 /* Setting */,
				F90EC90B20DF3B44008CD05A /* Seed */,
				F9545C6320DBA35500531C66 /* Team */,
				F93EBD0520C7F0230000AE72 /* Home */,
				F93EBC8620C68D280000AE72 /* Request */,
				F93EBCE920C7BD9A0000AE72 /* Base */,
				F93EBCDB20C7B3DF0000AE72 /* User */,
				F93EBCD720C79B830000AE72 /* Utils */,
				F9159E6820C4E853002BFB1B /* AppDelegate.h */,
				F9159E6920C4E853002BFB1B /* AppDelegate.m */,
				F9159E6B20C4E853002BFB1B /* ViewController.h */,
				F9159E6C20C4E853002BFB1B /* ViewController.m */,
				F9159E7120C4E855002BFB1B /* Assets.xcassets */,
				F9159E7320C4E855002BFB1B /* LaunchScreen.storyboard */,
				F9159E7620C4E855002BFB1B /* Info.plist */,
				F9159E7720C4E855002BFB1B /* main.m */,
				F93EBCF020C7D0E50000AE72 /* PrefixHeader.pch */,
			);
			path = Finance;
			sourceTree = "<group>";
		};
		F9159E8020C4E855002BFB1B /* FinanceTests */ = {
			isa = PBXGroup;
			children = (
				F9159E8120C4E855002BFB1B /* FinanceTests.m */,
				F9159E8320C4E855002BFB1B /* Info.plist */,
			);
			path = FinanceTests;
			sourceTree = "<group>";
		};
		F9159E8B20C4E855002BFB1B /* FinanceUITests */ = {
			isa = PBXGroup;
			children = (
				F9159E8C20C4E855002BFB1B /* FinanceUITests.m */,
				F9159E8E20C4E855002BFB1B /* Info.plist */,
			);
			path = FinanceUITests;
			sourceTree = "<group>";
		};
		F93EBC8620C68D280000AE72 /* Request */ = {
			isa = PBXGroup;
			children = (
				F93EBC8F20C69DF20000AE72 /* GTMBase64.h */,
				F93EBC9020C69DF20000AE72 /* GTMBase64.m */,
				F93EBC9120C69DF20000AE72 /* GTMDefines.h */,
				F93EBC8720C68D380000AE72 /* HttpRequest.h */,
				F93EBC8820C68D380000AE72 /* HttpRequest.m */,
				F93EBC8B20C6908D0000AE72 /* API.h */,
				F93EBC9320C69F330000AE72 /* WFEncrypt.h */,
				F93EBC9420C69F330000AE72 /* WFEncrypt.m */,
			);
			path = Request;
			sourceTree = "<group>";
		};
		F93EBCD720C79B830000AE72 /* Utils */ = {
			isa = PBXGroup;
			children = (
				F93EBD0320C7E6070000AE72 /* SFHFKeychainUtils.h */,
				F93EBD0220C7E6070000AE72 /* SFHFKeychainUtils.m */,
				F93EBCFD20C7E0230000AE72 /* UIView+Toast.h */,
				F93EBCFC20C7E0230000AE72 /* UIView+Toast.m */,
				F93EBCED20C7C4A70000AE72 /* UIImage+Color.h */,
				F93EBCEE20C7C4A70000AE72 /* UIImage+Color.m */,
				F93EBCD820C79CCE0000AE72 /* JSONUtils.h */,
				F93EBCD920C79CCE0000AE72 /* JSONUtils.m */,
				F93EBCFF20C7E53F0000AE72 /* SysUtils.h */,
				F93EBD0020C7E53F0000AE72 /* SysUtils.m */,
			);
			path = Utils;
			sourceTree = "<group>";
		};
		F93EBCDB20C7B3DF0000AE72 /* User */ = {
			isa = PBXGroup;
			children = (
				F93EBCDE20C7B3F50000AE72 /* View */,
				F93EBCDD20C7B3F00000AE72 /* Model */,
				F93EBCDC20C7B3E60000AE72 /* ViewController */,
			);
			path = User;
			sourceTree = "<group>";
		};
		F93EBCDC20C7B3E60000AE72 /* ViewController */ = {
			isa = PBXGroup;
			children = (
				F93EBCDF20C7B6DD0000AE72 /* FILoginViewController.h */,
				F93EBCE020C7B6DD0000AE72 /* FILoginViewController.m */,
				F93EBCE120C7B6DD0000AE72 /* FILoginViewController.xib */,
				F93EBCE420C7BAF50000AE72 /* FIRegisterViewController.h */,
				F93EBCE520C7BAF50000AE72 /* FIRegisterViewController.m */,
				F93EBCE620C7BAF50000AE72 /* FIRegisterViewController.xib */,
				F93EBCF420C7D46D0000AE72 /* FIRegisterFinishViewController.h */,
				F93EBCF520C7D46D0000AE72 /* FIRegisterFinishViewController.m */,
				F93EBCF620C7D46D0000AE72 /* FIRegisterFinishViewController.xib */,
				F9545C3A20D8F22000531C66 /* FIRegisterSuccessViewController.h */,
				F9545C3B20D8F22000531C66 /* FIRegisterSuccessViewController.m */,
				F9545C3C20D8F22000531C66 /* FIRegisterSuccessViewController.xib */,
				F9545C3F20D8F47B00531C66 /* FIFindPasswordViewController.h */,
				F9545C4020D8F47B00531C66 /* FIFindPasswordViewController.m */,
				F9545C4120D8F47B00531C66 /* FIFindPasswordViewController.xib */,
				F96940EF20E386BC00968B27 /* FIUserInfoViewController.h */,
				F96940F020E386BC00968B27 /* FIUserInfoViewController.m */,
				F96940F120E386BC00968B27 /* FIUserInfoViewController.xib */,
			);
			path = ViewController;
			sourceTree = "<group>";
		};
		F93EBCDD20C7B3F00000AE72 /* Model */ = {
			isa = PBXGroup;
			children = (
				F93EBCF120C7D2000000AE72 /* FIUser.h */,
				F93EBCF220C7D2000000AE72 /* FIUser.m */,
				F96940FB20E3A6F900968B27 /* FIUserInfo.h */,
				F96940FC20E3A6F900968B27 /* FIUserInfo.m */,
			);
			path = Model;
			sourceTree = "<group>";
		};
		F93EBCDE20C7B3F50000AE72 /* View */ = {
			isa = PBXGroup;
			children = (
			);
			path = View;
			sourceTree = "<group>";
		};
		F93EBCE920C7BD9A0000AE72 /* Base */ = {
			isa = PBXGroup;
			children = (
				F93EBCEA20C7BDAA0000AE72 /* FIBaseViewController.h */,
				F93EBCEB20C7BDAA0000AE72 /* FIBaseViewController.m */,
				F93EBCF920C7D6CB0000AE72 /* FIBaseNavigationViewController.h */,
				F93EBCFA20C7D6CB0000AE72 /* FIBaseNavigationViewController.m */,
			);
			path = Base;
			sourceTree = "<group>";
		};
		F93EBD0520C7F0230000AE72 /* Home */ = {
			isa = PBXGroup;
			children = (
				F9545C5C20DB989100531C66 /* Model */,
				F9545C4420DB4F7D00531C66 /* View */,
				F93EBD0620C7F02B0000AE72 /* ViewController */,
			);
			path = Home;
			sourceTree = "<group>";
		};
		F93EBD0620C7F02B0000AE72 /* ViewController */ = {
			isa = PBXGroup;
			children = (
				F93EBD0720C7F04F0000AE72 /* FIHomeViewController.h */,
				F93EBD0820C7F04F0000AE72 /* FIHomeViewController.m */,
				F93EBD0920C7F04F0000AE72 /* FIHomeViewController.xib */,
				F9545C6020DB9B0100531C66 /* FInanceCenterViewController.h */,
				F9545C6120DB9B0100531C66 /* FInanceCenterViewController.m */,
			);
			path = ViewController;
			sourceTree = "<group>";
		};
		F94F097E20DCAA070076A073 /* Model */ = {
			isa = PBXGroup;
			children = (
				F94F097F20DCAA140076A073 /* FITeam.h */,
				F94F098020DCAA140076A073 /* FITeam.m */,
			);
			path = Model;
			sourceTree = "<group>";
		};
		F9545C4420DB4F7D00531C66 /* View */ = {
			isa = PBXGroup;
			children = (
				F9545C4520DB4F9400531C66 /* FIHomeHeaderView.h */,
				F9545C4620DB4F9400531C66 /* FIHomeHeaderView.m */,
				F9545C4820DB4FE600531C66 /* FIHomeHeaderView.xib */,
				F9545C4A20DB7CA900531C66 /* FIHomeManagerCell.h */,
				F9545C4B20DB7CA900531C66 /* FIHomeManagerCell.m */,
				F9545C4C20DB7CA900531C66 /* FIHomeManagerCell.xib */,
				F9545C4F20DB8B0400531C66 /* FISectionHeaderCell.h */,
				F9545C5020DB8B0400531C66 /* FISectionHeaderCell.m */,
				F9545C7420DBBC4400531C66 /* FISectionHeaderCell.xib */,
				F9545C5420DB8D5600531C66 /* FIHomeOrderViewCell.h */,
				F9545C5520DB8D5600531C66 /* FIHomeOrderViewCell.m */,
				F9545C5620DB8D5600531C66 /* FIHomeOrderViewCell.xib */,
				F9545C5920DB90C000531C66 /* FIBadgeView.h */,
				F9545C5A20DB90C000531C66 /* FIBadgeView.m */,
				F9545C7620DBBCC900531C66 /* FICenterRecordCell.h */,
				F9545C7720DBBCC900531C66 /* FICenterRecordCell.m */,
				F9545C7820DBBCC900531C66 /* FICenterRecordCell.xib */,
				F9545C7B20DBC3B400531C66 /* FIPictureTableViewCell.h */,
				F9545C7C20DBC3B400531C66 /* FIPictureTableViewCell.m */,
				F9545C7D20DBC3B400531C66 /* FIPictureTableViewCell.xib */,
				F9545C8020DBC9AB00531C66 /* FICenterGainCell.h */,
				F9545C8120DBC9AB00531C66 /* FICenterGainCell.m */,
				F9545C8220DBC9AB00531C66 /* FICenterGainCell.xib */,
			);
			path = View;
			sourceTree = "<group>";
		};
		F9545C5C20DB989100531C66 /* Model */ = {
			isa = PBXGroup;
			children = (
				F9545C5D20DB98A200531C66 /* FIHomeData.h */,
				F9545C5E20DB98A200531C66 /* FIHomeData.m */,
				F94F097B20DCA4740076A073 /* FICenterData.h */,
				F94F097C20DCA4740076A073 /* FICenterData.m */,
			);
			path = Model;
			sourceTree = "<group>";
		};
		F9545C6320DBA35500531C66 /* Team */ = {
			isa = PBXGroup;
			children = (
				F94F097E20DCAA070076A073 /* Model */,
				F9545C6420DBA35A00531C66 /* ViewController */,
			);
			path = Team;
			sourceTree = "<group>";
		};
		F9545C6420DBA35A00531C66 /* ViewController */ = {
			isa = PBXGroup;
			children = (
				F9545C6520DBA37300531C66 /* FIMyTeamViewController.h */,
				F9545C6620DBA37300531C66 /* FIMyTeamViewController.m */,
				F9545C6720DBA37300531C66 /* FIMyTeamViewController.xib */,
				F9545C6A20DBACCE00531C66 /* FiActiveMemberViewController.h */,
				F9545C6B20DBACCE00531C66 /* FiActiveMemberViewController.m */,
				F9545C6C20DBACCE00531C66 /* FiActiveMemberViewController.xib */,
				F9545C6F20DBB59600531C66 /* FIMyMasterViewController.h */,
				F9545C7020DBB59600531C66 /* FIMyMasterViewController.m */,
				F9545C7120DBB59600531C66 /* FIMyMasterViewController.xib */,
			);
			path = ViewController;
			sourceTree = "<group>";
		};
		F96940F420E38BEB00968B27 /* Setting */ = {
			isa = PBXGroup;
			children = (
				F9DE266920E4DE10007C6D0C /* Model */,
				F9DE264F20E4B749007C6D0C /* View */,
				F96940F520E38BEF00968B27 /* ViewController */,
			);
			path = Setting;
			sourceTree = "<group>";
		};
		F96940F520E38BEF00968B27 /* ViewController */ = {
			isa = PBXGroup;
			children = (
				F96940F620E38C0B00968B27 /* FIAccontSettingViewController.h */,
				F96940F720E38C0B00968B27 /* FIAccontSettingViewController.m */,
				F96940F820E38C0B00968B27 /* FIAccontSettingViewController.xib */,
				D9AC53CC20E3D7B6002ED2F0 /* FIMemberViewController.h */,
				D9AC53CD20E3D7B6002ED2F0 /* FIMemberViewController.m */,
				F9DE265520E4C441007C6D0C /* FIAlterInfoWithMoneyViewController.h */,
				F9DE265620E4C441007C6D0C /* FIAlterInfoWithMoneyViewController.m */,
				F9DE265720E4C441007C6D0C /* FIAlterInfoWithMoneyViewController.xib */,
				F9DE265F20E4DAF3007C6D0C /* FIPropListViewController.h */,
				F9DE266020E4DAF3007C6D0C /* FIPropListViewController.m */,
				F9DE266120E4DAF3007C6D0C /* FIPropListViewController.xib */,
				F9DE266420E4DB02007C6D0C /* FIPropDetailViewController.h */,
				F9DE266520E4DB02007C6D0C /* FIPropDetailViewController.m */,
				F9DE266620E4DB02007C6D0C /* FIPropDetailViewController.xib */,
				F9DE266D20E4F94D007C6D0C /* FINickNameViewController.h */,
				F9DE266E20E4F94D007C6D0C /* FINickNameViewController.m */,
				F9DE266F20E4F94D007C6D0C /* FINickNameViewController.xib */,
				D91481B620EA5A7F0045C5E6 /* FIBankListViewController.xib */,
				D91481B720EA5A7F0045C5E6 /* FIBankListViewController.h */,
				D91481B820EA5A7F0045C5E6 /* FIBankListViewController.m */,
				F915534C20EB282800E29FC1 /* FIAliyPayViewController.h */,
				F915534D20EB282800E29FC1 /* FIAliyPayViewController.m */,
				F915534E20EB282800E29FC1 /* FIAliyPayViewController.xib */,
				F915535120EB4EDE00E29FC1 /* FIAddAliPayViewController.h */,
				F915535220EB4EDE00E29FC1 /* FIAddAliPayViewController.m */,
				F915535320EB4EDE00E29FC1 /* FIAddAliPayViewController.xib */,
				D9116E7520EE5E0000F978F0 /* FIBankInfoViewController.xib */,
				D9116E7620EE5E0000F978F0 /* FIBankInfoViewController.h */,
				D9116E7720EE5E0100F978F0 /* FIBankInfoViewController.m */,
				D9116E7A20EE75F100F978F0 /* FIPassWordManagerViewController.xib */,
				D9116E7B20EE75F100F978F0 /* FIPassWordManagerViewController.h */,
				D9116E7C20EE75F100F978F0 /* FIPassWordManagerViewController.m */,
				D9116E8920EE794000F978F0 /* FIPassworldAlterViewController.xib */,
				D9116E8A20EE794100F978F0 /* FIPassworldAlterViewController.h */,
				D9116E8B20EE794100F978F0 /* FIPassworldAlterViewController.m */,
				F9D4A44020EF5E25004667E5 /* FIScoreListViewController.h */,
				F9D4A44120EF5E25004667E5 /* FIScoreListViewController.m */,
				F9D4A44220EF5E25004667E5 /* FIScoreListViewController.xib */,
				F95671F120F3021800DB825A /* FIScoreViewController.h */,
				F95671F220F3021800DB825A /* FIScoreViewController.m */,
			);
			path = ViewController;
			sourceTree = "<group>";
		};
		F9DE264F20E4B749007C6D0C /* View */ = {
			isa = PBXGroup;
			children = (
				F9DE265020E4B773007C6D0C /* FIMemberTableViewCell.h */,
				F9DE265120E4B773007C6D0C /* FIMemberTableViewCell.m */,
				F9DE265220E4B773007C6D0C /* FIMemberTableViewCell.xib */,
				F9DE265A20E4C864007C6D0C /* FIAlterInfoWithMoneyCell.h */,
				F9DE265B20E4C864007C6D0C /* FIAlterInfoWithMoneyCell.m */,
				F9DE265C20E4C864007C6D0C /* FIAlterInfoWithMoneyCell.xib */,
				D91481B120E9F2280045C5E6 /* FIPropListCell.xib */,
				D91481B220E9F2280045C5E6 /* FIPropListCell.h */,
				D91481B320E9F2280045C5E6 /* FIPropListCell.m */,
				D91481BB20EA5BDF0045C5E6 /* FIBankListViewCell.xib */,
				D91481BC20EA5BDF0045C5E6 /* FIBankListViewCell.h */,
				D91481BD20EA5BDF0045C5E6 /* FIBankListViewCell.m */,
				F90B426620ED045800759679 /* FIAccountCardView.h */,
				F90B426720ED045800759679 /* FIAccountCardView.m */,
				D9116E6F20EE5BB400F978F0 /* FIHorizontalTextFieldCell.xib */,
				D9116E7020EE5BB400F978F0 /* FIHorizontalTextFieldCell.h */,
				D9116E7120EE5BB400F978F0 /* FIHorizontalTextFieldCell.m */,
				F90B428420EF4BE600759679 /* FISettingPasswordCodeCell.h */,
				F90B428520EF4BE600759679 /* FISettingPasswordCodeCell.m */,
				F90B428620EF4BE600759679 /* FISettingPasswordCodeCell.xib */,
				F9D4A44520EF5E8D004667E5 /* FIScoreTableViewCell.h */,
				F9D4A44620EF5E8D004667E5 /* FIScoreTableViewCell.m */,
				F9D4A44720EF5E8D004667E5 /* FIScoreTableViewCell.xib */,
				F95671F720F30AF500DB825A /* FIPasswordView.h */,
				F95671F820F30AF500DB825A /* FIPasswordView.m */,
				F95671FA20F30B0600DB825A /* FIPasswordView.xib */,
			);
			path = View;
			sourceTree = "<group>";
		};
		F9DE266920E4DE10007C6D0C /* Model */ = {
			isa = PBXGroup;
			children = (
				F9DE266A20E4DE26007C6D0C /* FIPropData.h */,
				F9DE266B20E4DE26007C6D0C /* FIPropData.m */,
				F90B426920ED09D200759679 /* FIAliPayData.h */,
				F90B426A20ED09D200759679 /* FIAliPayData.m */,
				D9116E6C20EE595200F978F0 /* FIBankData.h */,
				D9116E6D20EE595200F978F0 /* FIBankData.m */,
				F9D4A44A20EF7DCE004667E5 /* FIScoreData.h */,
				F9D4A44B20EF7DCE004667E5 /* FIScoreData.m */,
			);
			path = Model;
			sourceTree = "<group>";
		};
/* End PBXGroup section */

/* Begin PBXNativeTarget section */
		F9159E6420C4E853002BFB1B /* Finance */ = {
			isa = PBXNativeTarget;
			buildConfigurationList = F9159E9120C4E855002BFB1B /* Build configuration list for PBXNativeTarget "Finance" */;
			buildPhases = (
				D4E73ECDD460319F43D9B585 /* [CP] Check Pods Manifest.lock */,
				F9159E6120C4E853002BFB1B /* Sources */,
				F9159E6220C4E853002BFB1B /* Frameworks */,
				F9159E6320C4E853002BFB1B /* Resources */,
				8123537F0FA8FC7BDCAB5554 /* [CP] Embed Pods Frameworks */,
			);
			buildRules = (
			);
			dependencies = (
			);
			name = Finance;
			productName = Finance;
			productReference = F9159E6520C4E853002BFB1B /* Finance.app */;
			productType = "com.apple.product-type.application";
		};
		F9159E7C20C4E855002BFB1B /* FinanceTests */ = {
			isa = PBXNativeTarget;
			buildConfigurationList = F9159E9420C4E855002BFB1B /* Build configuration list for PBXNativeTarget "FinanceTests" */;
			buildPhases = (
				F9159E7920C4E855002BFB1B /* Sources */,
				F9159E7A20C4E855002BFB1B /* Frameworks */,
				F9159E7B20C4E855002BFB1B /* Resources */,
			);
			buildRules = (
			);
			dependencies = (
				F9159E7F20C4E855002BFB1B /* PBXTargetDependency */,
			);
			name = FinanceTests;
			productName = FinanceTests;
			productReference = F9159E7D20C4E855002BFB1B /* FinanceTests.xctest */;
			productType = "com.apple.product-type.bundle.unit-test";
		};
		F9159E8720C4E855002BFB1B /* FinanceUITests */ = {
			isa = PBXNativeTarget;
			buildConfigurationList = F9159E9720C4E855002BFB1B /* Build configuration list for PBXNativeTarget "FinanceUITests" */;
			buildPhases = (
				F9159E8420C4E855002BFB1B /* Sources */,
				F9159E8520C4E855002BFB1B /* Frameworks */,
				F9159E8620C4E855002BFB1B /* Resources */,
			);
			buildRules = (
			);
			dependencies = (
				F9159E8A20C4E855002BFB1B /* PBXTargetDependency */,
			);
			name = FinanceUITests;
			productName = FinanceUITests;
			productReference = F9159E8820C4E855002BFB1B /* FinanceUITests.xctest */;
			productType = "com.apple.product-type.bundle.ui-testing";
		};
/* End PBXNativeTarget section */

/* Begin PBXProject section */
		F9159E5D20C4E853002BFB1B /* Project object */ = {
			isa = PBXProject;
			attributes = {
				LastUpgradeCheck = 0930;
				ORGANIZATIONNAME = wenpeifang;
				TargetAttributes = {
					F9159E6420C4E853002BFB1B = {
						CreatedOnToolsVersion = 9.3;
					};
					F9159E7C20C4E855002BFB1B = {
						CreatedOnToolsVersion = 9.3;
						TestTargetID = F9159E6420C4E853002BFB1B;
					};
					F9159E8720C4E855002BFB1B = {
						CreatedOnToolsVersion = 9.3;
						TestTargetID = F9159E6420C4E853002BFB1B;
					};
				};
			};
			buildConfigurationList = F9159E6020C4E853002BFB1B /* Build configuration list for PBXProject "Finance" */;
			compatibilityVersion = "Xcode 9.3";
			developmentRegion = en;
			hasScannedForEncodings = 0;
			knownRegions = (
				en,
				Base,
			);
			mainGroup = F9159E5C20C4E853002BFB1B;
			productRefGroup = F9159E6620C4E853002BFB1B /* Products */;
			projectDirPath = "";
			projectRoot = "";
			targets = (
				F9159E6420C4E853002BFB1B /* Finance */,
				F9159E7C20C4E855002BFB1B /* FinanceTests */,
				F9159E8720C4E855002BFB1B /* FinanceUITests */,
			);
		};
/* End PBXProject section */

/* Begin PBXResourcesBuildPhase section */
		F9159E6320C4E853002BFB1B /* Resources */ = {
			isa = PBXResourcesBuildPhase;
			buildActionMask = 2147483647;
			files = (
				F9545C4920DB4FE600531C66 /* FIHomeHeaderView.xib in Resources */,
				F9545C3E20D8F22000531C66 /* FIRegisterSuccessViewController.xib in Resources */,
				F915535520EB4EDE00E29FC1 /* FIAddAliPayViewController.xib in Resources */,
				F9545C7F20DBC3B400531C66 /* FIPictureTableViewCell.xib in Resources */,
				F9D4A44420EF5E25004667E5 /* FIScoreListViewController.xib in Resources */,
				F93EBCE820C7BAF50000AE72 /* FIRegisterViewController.xib in Resources */,
				F9DE266320E4DAF3007C6D0C /* FIPropListViewController.xib in Resources */,
				F9545C5820DB8D5600531C66 /* FIHomeOrderViewCell.xib in Resources */,
				F90EC91C20E0C4CD008CD05A /* FITextFieldViewCell.xib in Resources */,
				F96940FA20E38C0B00968B27 /* FIAccontSettingViewController.xib in Resources */,
				F9159E7520C4E855002BFB1B /* LaunchScreen.storyboard in Resources */,
				F9DE265420E4B773007C6D0C /* FIMemberTableViewCell.xib in Resources */,
				F9DE267120E4F94D007C6D0C /* FINickNameViewController.xib in Resources */,
				D9116E7220EE5BB400F978F0 /* FIHorizontalTextFieldCell.xib in Resources */,
				F9545C7520DBBC4400531C66 /* FISectionHeaderCell.xib in Resources */,
				F9D4A44920EF5E8D004667E5 /* FIScoreTableViewCell.xib in Resources */,
				F95671FB20F30B0600DB825A /* FIPasswordView.xib in Resources */,
				F9545C7A20DBBCC900531C66 /* FICenterRecordCell.xib in Resources */,
				D9116E7820EE5E0100F978F0 /* FIBankInfoViewController.xib in Resources */,
				F93EBD0B20C7F04F0000AE72 /* FIHomeViewController.xib in Resources */,
				F96940F320E386BC00968B27 /* FIUserInfoViewController.xib in Resources */,
				D91481B420E9F2280045C5E6 /* FIPropListCell.xib in Resources */,
				F93EBCE320C7B6DD0000AE72 /* FILoginViewController.xib in Resources */,
				F9DE266820E4DB02007C6D0C /* FIPropDetailViewController.xib in Resources */,
				F90B428820EF4BE600759679 /* FISettingPasswordCodeCell.xib in Resources */,
				D91481B920EA5A7F0045C5E6 /* FIBankListViewController.xib in Resources */,
				D9116E7D20EE75F100F978F0 /* FIPassWordManagerViewController.xib in Resources */,
				F9DE265920E4C441007C6D0C /* FIAlterInfoWithMoneyViewController.xib in Resources */,
				F9545C6920DBA37300531C66 /* FIMyTeamViewController.xib in Resources */,
				F915535020EB282800E29FC1 /* FIAliyPayViewController.xib in Resources */,
				F93EBCF820C7D46D0000AE72 /* FIRegisterFinishViewController.xib in Resources */,
				F9545C7320DBB59600531C66 /* FIMyMasterViewController.xib in Resources */,
				F9545C4E20DB7CA900531C66 /* FIHomeManagerCell.xib in Resources */,
				F9545C8420DBC9AB00531C66 /* FICenterGainCell.xib in Resources */,
				D91481BE20EA5BDF0045C5E6 /* FIBankListViewCell.xib in Resources */,
				F9DE265E20E4C864007C6D0C /* FIAlterInfoWithMoneyCell.xib in Resources */,
				D9116E8C20EE794100F978F0 /* FIPassworldAlterViewController.xib in Resources */,
				F9545C4320D8F47B00531C66 /* FIFindPasswordViewController.xib in Resources */,
				F9545C6E20DBACCE00531C66 /* FiActiveMemberViewController.xib in Resources */,
				F9159E7220C4E855002BFB1B /* Assets.xcassets in Resources */,
			);
			runOnlyForDeploymentPostprocessing = 0;
		};
		F9159E7B20C4E855002BFB1B /* Resources */ = {
			isa = PBXResourcesBuildPhase;
			buildActionMask = 2147483647;
			files = (
			);
			runOnlyForDeploymentPostprocessing = 0;
		};
		F9159E8620C4E855002BFB1B /* Resources */ = {
			isa = PBXResourcesBuildPhase;
			buildActionMask = 2147483647;
			files = (
			);
			runOnlyForDeploymentPostprocessing = 0;
		};
/* End PBXResourcesBuildPhase section */

/* Begin PBXShellScriptBuildPhase section */
		8123537F0FA8FC7BDCAB5554 /* [CP] Embed Pods Frameworks */ = {
			isa = PBXShellScriptBuildPhase;
			buildActionMask = 2147483647;
			files = (
			);
			inputPaths = (
				"${SRCROOT}/Pods/Target Support Files/Pods-Finance/Pods-Finance-frameworks.sh",
				"${BUILT_PRODUCTS_DIR}/AFNetworking/AFNetworking.framework",
				"${BUILT_PRODUCTS_DIR}/MBProgressHUD/MBProgressHUD.framework",
				"${BUILT_PRODUCTS_DIR}/MJRefresh/MJRefresh.framework",
				"${BUILT_PRODUCTS_DIR}/Masonry/Masonry.framework",
				"${BUILT_PRODUCTS_DIR}/SDWebImage/SDWebImage.framework",
				"${BUILT_PRODUCTS_DIR}/WRNavigationBar/WRNavigationBar.framework",
				"${BUILT_PRODUCTS_DIR}/YYModel/YYModel.framework",
				"${BUILT_PRODUCTS_DIR}/YYText/YYText.framework",
			);
			name = "[CP] Embed Pods Frameworks";
			outputPaths = (
				"${TARGET_BUILD_DIR}/${FRAMEWORKS_FOLDER_PATH}/AFNetworking.framework",
				"${TARGET_BUILD_DIR}/${FRAMEWORKS_FOLDER_PATH}/MBProgressHUD.framework",
				"${TARGET_BUILD_DIR}/${FRAMEWORKS_FOLDER_PATH}/MJRefresh.framework",
				"${TARGET_BUILD_DIR}/${FRAMEWORKS_FOLDER_PATH}/Masonry.framework",
				"${TARGET_BUILD_DIR}/${FRAMEWORKS_FOLDER_PATH}/SDWebImage.framework",
				"${TARGET_BUILD_DIR}/${FRAMEWORKS_FOLDER_PATH}/WRNavigationBar.framework",
				"${TARGET_BUILD_DIR}/${FRAMEWORKS_FOLDER_PATH}/YYModel.framework",
				"${TARGET_BUILD_DIR}/${FRAMEWORKS_FOLDER_PATH}/YYText.framework",
			);
			runOnlyForDeploymentPostprocessing = 0;
			shellPath = /bin/sh;
			shellScript = "\"${SRCROOT}/Pods/Target Support Files/Pods-Finance/Pods-Finance-frameworks.sh\"\n";
			showEnvVarsInLog = 0;
		};
		D4E73ECDD460319F43D9B585 /* [CP] Check Pods Manifest.lock */ = {
			isa = PBXShellScriptBuildPhase;
			buildActionMask = 2147483647;
			files = (
			);
			inputPaths = (
				"${PODS_PODFILE_DIR_PATH}/Podfile.lock",
				"${PODS_ROOT}/Manifest.lock",
			);
			name = "[CP] Check Pods Manifest.lock";
			outputPaths = (
				"$(DERIVED_FILE_DIR)/Pods-Finance-checkManifestLockResult.txt",
			);
			runOnlyForDeploymentPostprocessing = 0;
			shellPath = /bin/sh;
			shellScript = "diff \"${PODS_PODFILE_DIR_PATH}/Podfile.lock\" \"${PODS_ROOT}/Manifest.lock\" > /dev/null\nif [ $? != 0 ] ; then\n    # print error to STDERR\n    echo \"error: The sandbox is not in sync with the Podfile.lock. Run 'pod install' or update your CocoaPods installation.\" >&2\n    exit 1\nfi\n# This output is used by Xcode 'outputs' to avoid re-running this script phase.\necho \"SUCCESS\" > \"${SCRIPT_OUTPUT_FILE_0}\"\n";
			showEnvVarsInLog = 0;
		};
/* End PBXShellScriptBuildPhase section */

/* Begin PBXSourcesBuildPhase section */
		F9159E6120C4E853002BFB1B /* Sources */ = {
			isa = PBXSourcesBuildPhase;
			buildActionMask = 2147483647;
			files = (
				F9545C6D20DBACCE00531C66 /* FiActiveMemberViewController.m in Sources */,
				F9DE265D20E4C864007C6D0C /* FIAlterInfoWithMoneyCell.m in Sources */,
				D9116E7320EE5BB400F978F0 /* FIHorizontalTextFieldCell.m in Sources */,
				D9116E6E20EE595200F978F0 /* FIBankData.m in Sources */,
				D9AC53CF20E3D7B6002ED2F0 /* FIMemberViewController.m in Sources */,
				F9545C7E20DBC3B400531C66 /* FIPictureTableViewCell.m in Sources */,
				F9DE266720E4DB02007C6D0C /* FIPropDetailViewController.m in Sources */,
				F90EC91520DF3BF1008CD05A /* FISimpleHeaderTableViewController.m in Sources */,
				F90B426820ED045800759679 /* FIAccountCardView.m in Sources */,
				F9545C5220DB8B0400531C66 /* FISectionHeaderCell.m in Sources */,
				F94F097D20DCA4740076A073 /* FICenterData.m in Sources */,
				F93EBCFB20C7D6CB0000AE72 /* FIBaseNavigationViewController.m in Sources */,
				F9545C4D20DB7CA900531C66 /* FIHomeManagerCell.m in Sources */,
				F9DE267020E4F94D007C6D0C /* FINickNameViewController.m in Sources */,
				F9DE265820E4C441007C6D0C /* FIAlterInfoWithMoneyViewController.m in Sources */,
				F90B428720EF4BE600759679 /* FISettingPasswordCodeCell.m in Sources */,
				F9159E6D20C4E853002BFB1B /* ViewController.m in Sources */,
				F93EBD0A20C7F04F0000AE72 /* FIHomeViewController.m in Sources */,
				F9DE266220E4DAF3007C6D0C /* FIPropListViewController.m in Sources */,
				F9545C4220D8F47B00531C66 /* FIFindPasswordViewController.m in Sources */,
				F9545C8320DBC9AB00531C66 /* FICenterGainCell.m in Sources */,
				F94F098120DCAA140076A073 /* FITeam.m in Sources */,
				F915535420EB4EDE00E29FC1 /* FIAddAliPayViewController.m in Sources */,
				F9D4A44820EF5E8D004667E5 /* FIScoreTableViewCell.m in Sources */,
				F9DE266C20E4DE26007C6D0C /* FIPropData.m in Sources */,
				D91481BA20EA5A7F0045C5E6 /* FIBankListViewController.m in Sources */,
				F9D4A44C20EF7DCE004667E5 /* FIScoreData.m in Sources */,
				F90B426B20ED09D200759679 /* FIAliPayData.m in Sources */,
				F943F3A720E21C060065640C /* FIBagViewController.m in Sources */,
				F9D4A44320EF5E25004667E5 /* FIScoreListViewController.m in Sources */,
				F95671F320F3021800DB825A /* FIScoreViewController.m in Sources */,
				F93EBCF320C7D2000000AE72 /* FIUser.m in Sources */,
				F95671F920F30AF500DB825A /* FIPasswordView.m in Sources */,
				F93EBCFE20C7E0240000AE72 /* UIView+Toast.m in Sources */,
				F95671F620F3051A00DB825A /* FIActivityCoceViewController.m in Sources */,
				F93EBCE220C7B6DD0000AE72 /* FILoginViewController.m in Sources */,
				F90EC92320E0CADA008CD05A /* FIBusinessSeed.m in Sources */,
				D9116E8D20EE794100F978F0 /* FIPassworldAlterViewController.m in Sources */,
				F9545C5B20DB90C000531C66 /* FIBadgeView.m in Sources */,
				F90EC91020DF3B68008CD05A /* FIBuySeedViewController.m in Sources */,
				F9545C6820DBA37300531C66 /* FIMyTeamViewController.m in Sources */,
				F9545C7920DBBCC900531C66 /* FICenterRecordCell.m in Sources */,
				F93EBD0120C7E53F0000AE72 /* SysUtils.m in Sources */,
				F93EBCEC20C7BDAA0000AE72 /* FIBaseViewController.m in Sources */,
				F9545C3D20D8F22000531C66 /* FIRegisterSuccessViewController.m in Sources */,
				F90EC91F20E0C97A008CD05A /* FIStatusTextField.m in Sources */,
				F93EBD0420C7E6070000AE72 /* SFHFKeychainUtils.m in Sources */,
				F96940F920E38C0B00968B27 /* FIAccontSettingViewController.m in Sources */,
				D9116E7E20EE75F100F978F0 /* FIPassWordManagerViewController.m in Sources */,
				F93EBC8920C68D380000AE72 /* HttpRequest.m in Sources */,
				D91481B520E9F2280045C5E6 /* FIPropListCell.m in Sources */,
				F90EC92620E0FB61008CD05A /* FISellSeedViewController.m in Sources */,
				F9DE265320E4B773007C6D0C /* FIMemberTableViewCell.m in Sources */,
				F93EBC9220C69DF20000AE72 /* GTMBase64.m in Sources */,
				D9116E7920EE5E0100F978F0 /* FIBankInfoViewController.m in Sources */,
				F9545C5720DB8D5600531C66 /* FIHomeOrderViewCell.m in Sources */,
				F9545C5F20DB98A200531C66 /* FIHomeData.m in Sources */,
				F9545C6220DB9B0100531C66 /* FInanceCenterViewController.m in Sources */,
				F93EBCF720C7D46D0000AE72 /* FIRegisterFinishViewController.m in Sources */,
				F9159E7820C4E855002BFB1B /* main.m in Sources */,
				F93EBCDA20C79CCE0000AE72 /* JSONUtils.m in Sources */,
				F93EBC9520C69F330000AE72 /* WFEncrypt.m in Sources */,
				F93EBCEF20C7C4A80000AE72 /* UIImage+Color.m in Sources */,
				F96940F220E386BC00968B27 /* FIUserInfoViewController.m in Sources */,
				D91481BF20EA5BDF0045C5E6 /* FIBankListViewCell.m in Sources */,
				F93EBCE720C7BAF50000AE72 /* FIRegisterViewController.m in Sources */,
				F9545C7220DBB59600531C66 /* FIMyMasterViewController.m in Sources */,
				F90EC91B20E0C4CD008CD05A /* FITextFieldViewCell.m in Sources */,
				F9545C4720DB4F9400531C66 /* FIHomeHeaderView.m in Sources */,
				F9159E6A20C4E853002BFB1B /* AppDelegate.m in Sources */,
				F96940FD20E3A6F900968B27 /* FIUserInfo.m in Sources */,
				F915534F20EB282800E29FC1 /* FIAliyPayViewController.m in Sources */,
			);
			runOnlyForDeploymentPostprocessing = 0;
		};
		F9159E7920C4E855002BFB1B /* Sources */ = {
			isa = PBXSourcesBuildPhase;
			buildActionMask = 2147483647;
			files = (
				F9159E8220C4E855002BFB1B /* FinanceTests.m in Sources */,
				F93EBC8A20C68E400000AE72 /* HttpRequest.m in Sources */,
			);
			runOnlyForDeploymentPostprocessing = 0;
		};
		F9159E8420C4E855002BFB1B /* Sources */ = {
			isa = PBXSourcesBuildPhase;
			buildActionMask = 2147483647;
			files = (
				F9159E8D20C4E855002BFB1B /* FinanceUITests.m in Sources */,
			);
			runOnlyForDeploymentPostprocessing = 0;
		};
/* End PBXSourcesBuildPhase section */

/* Begin PBXTargetDependency section */
		F9159E7F20C4E855002BFB1B /* PBXTargetDependency */ = {
			isa = PBXTargetDependency;
			target = F9159E6420C4E853002BFB1B /* Finance */;
			targetProxy = F9159E7E20C4E855002BFB1B /* PBXContainerItemProxy */;
		};
		F9159E8A20C4E855002BFB1B /* PBXTargetDependency */ = {
			isa = PBXTargetDependency;
			target = F9159E6420C4E853002BFB1B /* Finance */;
			targetProxy = F9159E8920C4E855002BFB1B /* PBXContainerItemProxy */;
		};
/* End PBXTargetDependency section */

/* Begin PBXVariantGroup section */
		F9159E7320C4E855002BFB1B /* LaunchScreen.storyboard */ = {
			isa = PBXVariantGroup;
			children = (
				F9159E7420C4E855002BFB1B /* Base */,
			);
			name = LaunchScreen.storyboard;
			sourceTree = "<group>";
		};
/* End PBXVariantGroup section */

/* Begin XCBuildConfiguration section */
		F9159E8F20C4E855002BFB1B /* Debug */ = {
			isa = XCBuildConfiguration;
			buildSettings = {
				ALWAYS_SEARCH_USER_PATHS = NO;
				CLANG_ANALYZER_NONNULL = YES;
				CLANG_ANALYZER_NUMBER_OBJECT_CONVERSION = YES_AGGRESSIVE;
				CLANG_CXX_LANGUAGE_STANDARD = "gnu++14";
				CLANG_CXX_LIBRARY = "libc++";
				CLANG_ENABLE_MODULES = YES;
				CLANG_ENABLE_OBJC_ARC = YES;
				CLANG_ENABLE_OBJC_WEAK = YES;
				CLANG_WARN_BLOCK_CAPTURE_AUTORELEASING = YES;
				CLANG_WARN_BOOL_CONVERSION = YES;
				CLANG_WARN_COMMA = YES;
				CLANG_WARN_CONSTANT_CONVERSION = YES;
				CLANG_WARN_DEPRECATED_OBJC_IMPLEMENTATIONS = YES;
				CLANG_WARN_DIRECT_OBJC_ISA_USAGE = YES_ERROR;
				CLANG_WARN_DOCUMENTATION_COMMENTS = YES;
				CLANG_WARN_EMPTY_BODY = YES;
				CLANG_WARN_ENUM_CONVERSION = YES;
				CLANG_WARN_INFINITE_RECURSION = YES;
				CLANG_WARN_INT_CONVERSION = YES;
				CLANG_WARN_NON_LITERAL_NULL_CONVERSION = YES;
				CLANG_WARN_OBJC_IMPLICIT_RETAIN_SELF = YES;
				CLANG_WARN_OBJC_LITERAL_CONVERSION = YES;
				CLANG_WARN_OBJC_ROOT_CLASS = YES_ERROR;
				CLANG_WARN_RANGE_LOOP_ANALYSIS = YES;
				CLANG_WARN_STRICT_PROTOTYPES = YES;
				CLANG_WARN_SUSPICIOUS_MOVE = YES;
				CLANG_WARN_UNGUARDED_AVAILABILITY = YES_AGGRESSIVE;
				CLANG_WARN_UNREACHABLE_CODE = YES;
				CLANG_WARN__DUPLICATE_METHOD_MATCH = YES;
				CODE_SIGN_IDENTITY = "iPhone Developer";
				COPY_PHASE_STRIP = NO;
				DEBUG_INFORMATION_FORMAT = dwarf;
				ENABLE_STRICT_OBJC_MSGSEND = YES;
				ENABLE_TESTABILITY = YES;
				GCC_C_LANGUAGE_STANDARD = gnu11;
				GCC_DYNAMIC_NO_PIC = NO;
				GCC_NO_COMMON_BLOCKS = YES;
				GCC_OPTIMIZATION_LEVEL = 0;
				GCC_PREPROCESSOR_DEFINITIONS = (
					"DEBUG=1",
					"$(inherited)",
				);
				GCC_WARN_64_TO_32_BIT_CONVERSION = YES;
				GCC_WARN_ABOUT_RETURN_TYPE = YES_ERROR;
				GCC_WARN_UNDECLARED_SELECTOR = YES;
				GCC_WARN_UNINITIALIZED_AUTOS = YES_AGGRESSIVE;
				GCC_WARN_UNUSED_FUNCTION = YES;
				GCC_WARN_UNUSED_VARIABLE = YES;
				IPHONEOS_DEPLOYMENT_TARGET = 11.3;
				MTL_ENABLE_DEBUG_INFO = YES;
				ONLY_ACTIVE_ARCH = YES;
				SDKROOT = iphoneos;
			};
			name = Debug;
		};
		F9159E9020C4E855002BFB1B /* Release */ = {
			isa = XCBuildConfiguration;
			buildSettings = {
				ALWAYS_SEARCH_USER_PATHS = NO;
				CLANG_ANALYZER_NONNULL = YES;
				CLANG_ANALYZER_NUMBER_OBJECT_CONVERSION = YES_AGGRESSIVE;
				CLANG_CXX_LANGUAGE_STANDARD = "gnu++14";
				CLANG_CXX_LIBRARY = "libc++";
				CLANG_ENABLE_MODULES = YES;
				CLANG_ENABLE_OBJC_ARC = YES;
				CLANG_ENABLE_OBJC_WEAK = YES;
				CLANG_WARN_BLOCK_CAPTURE_AUTORELEASING = YES;
				CLANG_WARN_BOOL_CONVERSION = YES;
				CLANG_WARN_COMMA = YES;
				CLANG_WARN_CONSTANT_CONVERSION = YES;
				CLANG_WARN_DEPRECATED_OBJC_IMPLEMENTATIONS = YES;
				CLANG_WARN_DIRECT_OBJC_ISA_USAGE = YES_ERROR;
				CLANG_WARN_DOCUMENTATION_COMMENTS = YES;
				CLANG_WARN_EMPTY_BODY = YES;
				CLANG_WARN_ENUM_CONVERSION = YES;
				CLANG_WARN_INFINITE_RECURSION = YES;
				CLANG_WARN_INT_CONVERSION = YES;
				CLANG_WARN_NON_LITERAL_NULL_CONVERSION = YES;
				CLANG_WARN_OBJC_IMPLICIT_RETAIN_SELF = YES;
				CLANG_WARN_OBJC_LITERAL_CONVERSION = YES;
				CLANG_WARN_OBJC_ROOT_CLASS = YES_ERROR;
				CLANG_WARN_RANGE_LOOP_ANALYSIS = YES;
				CLANG_WARN_STRICT_PROTOTYPES = YES;
				CLANG_WARN_SUSPICIOUS_MOVE = YES;
				CLANG_WARN_UNGUARDED_AVAILABILITY = YES_AGGRESSIVE;
				CLANG_WARN_UNREACHABLE_CODE = YES;
				CLANG_WARN__DUPLICATE_METHOD_MATCH = YES;
				CODE_SIGN_IDENTITY = "iPhone Developer";
				COPY_PHASE_STRIP = NO;
				DEBUG_INFORMATION_FORMAT = "dwarf-with-dsym";
				ENABLE_NS_ASSERTIONS = NO;
				ENABLE_STRICT_OBJC_MSGSEND = YES;
				GCC_C_LANGUAGE_STANDARD = gnu11;
				GCC_NO_COMMON_BLOCKS = YES;
				GCC_WARN_64_TO_32_BIT_CONVERSION = YES;
				GCC_WARN_ABOUT_RETURN_TYPE = YES_ERROR;
				GCC_WARN_UNDECLARED_SELECTOR = YES;
				GCC_WARN_UNINITIALIZED_AUTOS = YES_AGGRESSIVE;
				GCC_WARN_UNUSED_FUNCTION = YES;
				GCC_WARN_UNUSED_VARIABLE = YES;
				IPHONEOS_DEPLOYMENT_TARGET = 11.3;
				MTL_ENABLE_DEBUG_INFO = NO;
				SDKROOT = iphoneos;
				VALIDATE_PRODUCT = YES;
			};
			name = Release;
		};
		F9159E9220C4E855002BFB1B /* Debug */ = {
			isa = XCBuildConfiguration;
			baseConfigurationReference = C18A6988405637BCB442F401 /* Pods-Finance.debug.xcconfig */;
			buildSettings = {
				ASSETCATALOG_COMPILER_APPICON_NAME = AppIcon;
				CODE_SIGN_STYLE = Automatic;
				DEVELOPMENT_TEAM = QPZY6FRDDL;
				GCC_PRECOMPILE_PREFIX_HEADER = YES;
				GCC_PREFIX_HEADER = "$(SRCROOT)/Finance/PrefixHeader.pch";
				INFOPLIST_FILE = Finance/Info.plist;
				IPHONEOS_DEPLOYMENT_TARGET = 8.0;
				LD_RUNPATH_SEARCH_PATHS = (
					"$(inherited)",
					"@executable_path/Frameworks",
				);
				PRODUCT_BUNDLE_IDENTIFIER = com.wpf.cpc.Finance;
				PRODUCT_NAME = "$(TARGET_NAME)";
				TARGETED_DEVICE_FAMILY = 1;
			};
			name = Debug;
		};
		F9159E9320C4E855002BFB1B /* Release */ = {
			isa = XCBuildConfiguration;
			baseConfigurationReference = A9F9666A782204736AB52D75 /* Pods-Finance.release.xcconfig */;
			buildSettings = {
				ASSETCATALOG_COMPILER_APPICON_NAME = AppIcon;
				CODE_SIGN_STYLE = Automatic;
				DEVELOPMENT_TEAM = QPZY6FRDDL;
				GCC_PRECOMPILE_PREFIX_HEADER = YES;
				GCC_PREFIX_HEADER = "$(SRCROOT)/Finance/PrefixHeader.pch";
				INFOPLIST_FILE = Finance/Info.plist;
				IPHONEOS_DEPLOYMENT_TARGET = 8.0;
				LD_RUNPATH_SEARCH_PATHS = (
					"$(inherited)",
					"@executable_path/Frameworks",
				);
				PRODUCT_BUNDLE_IDENTIFIER = com.wpf.cpc.Finance;
				PRODUCT_NAME = "$(TARGET_NAME)";
				TARGETED_DEVICE_FAMILY = 1;
			};
			name = Release;
		};
		F9159E9520C4E855002BFB1B /* Debug */ = {
			isa = XCBuildConfiguration;
			buildSettings = {
				BUNDLE_LOADER = "$(TEST_HOST)";
				CODE_SIGN_STYLE = Automatic;
				DEVELOPMENT_TEAM = QPZY6FRDDL;
				INFOPLIST_FILE = FinanceTests/Info.plist;
				LD_RUNPATH_SEARCH_PATHS = (
					"$(inherited)",
					"@executable_path/Frameworks",
					"@loader_path/Frameworks",
				);
				PRODUCT_BUNDLE_IDENTIFIER = com.wpf.cpc.FinanceTests;
				PRODUCT_NAME = "$(TARGET_NAME)";
				TARGETED_DEVICE_FAMILY = "1,2";
				TEST_HOST = "$(BUILT_PRODUCTS_DIR)/Finance.app/Finance";
			};
			name = Debug;
		};
		F9159E9620C4E855002BFB1B /* Release */ = {
			isa = XCBuildConfiguration;
			buildSettings = {
				BUNDLE_LOADER = "$(TEST_HOST)";
				CODE_SIGN_STYLE = Automatic;
				DEVELOPMENT_TEAM = QPZY6FRDDL;
				INFOPLIST_FILE = FinanceTests/Info.plist;
				LD_RUNPATH_SEARCH_PATHS = (
					"$(inherited)",
					"@executable_path/Frameworks",
					"@loader_path/Frameworks",
				);
				PRODUCT_BUNDLE_IDENTIFIER = com.wpf.cpc.FinanceTests;
				PRODUCT_NAME = "$(TARGET_NAME)";
				TARGETED_DEVICE_FAMILY = "1,2";
				TEST_HOST = "$(BUILT_PRODUCTS_DIR)/Finance.app/Finance";
			};
			name = Release;
		};
		F9159E9820C4E855002BFB1B /* Debug */ = {
			isa = XCBuildConfiguration;
			buildSettings = {
				CODE_SIGN_STYLE = Automatic;
				DEVELOPMENT_TEAM = QPZY6FRDDL;
				INFOPLIST_FILE = FinanceUITests/Info.plist;
				LD_RUNPATH_SEARCH_PATHS = (
					"$(inherited)",
					"@executable_path/Frameworks",
					"@loader_path/Frameworks",
				);
				PRODUCT_BUNDLE_IDENTIFIER = com.wpf.cpc.FinanceUITests;
				PRODUCT_NAME = "$(TARGET_NAME)";
				TARGETED_DEVICE_FAMILY = "1,2";
				TEST_TARGET_NAME = Finance;
			};
			name = Debug;
		};
		F9159E9920C4E855002BFB1B /* Release */ = {
			isa = XCBuildConfiguration;
			buildSettings = {
				CODE_SIGN_STYLE = Automatic;
				DEVELOPMENT_TEAM = QPZY6FRDDL;
				INFOPLIST_FILE = FinanceUITests/Info.plist;
				LD_RUNPATH_SEARCH_PATHS = (
					"$(inherited)",
					"@executable_path/Frameworks",
					"@loader_path/Frameworks",
				);
				PRODUCT_BUNDLE_IDENTIFIER = com.wpf.cpc.FinanceUITests;
				PRODUCT_NAME = "$(TARGET_NAME)";
				TARGETED_DEVICE_FAMILY = "1,2";
				TEST_TARGET_NAME = Finance;
			};
			name = Release;
		};
/* End XCBuildConfiguration section */

/* Begin XCConfigurationList section */
		F9159E6020C4E853002BFB1B /* Build configuration list for PBXProject "Finance" */ = {
			isa = XCConfigurationList;
			buildConfigurations = (
				F9159E8F20C4E855002BFB1B /* Debug */,
				F9159E9020C4E855002BFB1B /* Release */,
			);
			defaultConfigurationIsVisible = 0;
			defaultConfigurationName = Release;
		};
		F9159E9120C4E855002BFB1B /* Build configuration list for PBXNativeTarget "Finance" */ = {
			isa = XCConfigurationList;
			buildConfigurations = (
				F9159E9220C4E855002BFB1B /* Debug */,
				F9159E9320C4E855002BFB1B /* Release */,
			);
			defaultConfigurationIsVisible = 0;
			defaultConfigurationName = Release;
		};
		F9159E9420C4E855002BFB1B /* Build configuration list for PBXNativeTarget "FinanceTests" */ = {
			isa = XCConfigurationList;
			buildConfigurations = (
				F9159E9520C4E855002BFB1B /* Debug */,
				F9159E9620C4E855002BFB1B /* Release */,
			);
			defaultConfigurationIsVisible = 0;
			defaultConfigurationName = Release;
		};
		F9159E9720C4E855002BFB1B /* Build configuration list for PBXNativeTarget "FinanceUITests" */ = {
			isa = XCConfigurationList;
			buildConfigurations = (
				F9159E9820C4E855002BFB1B /* Debug */,
				F9159E9920C4E855002BFB1B /* Release */,
			);
			defaultConfigurationIsVisible = 0;
			defaultConfigurationName = Release;
		};
/* End XCConfigurationList section */
	};
	rootObject = F9159E5D20C4E853002BFB1B /* Project object */;
}
