// !$*UTF8*$!
{
	archiveVersion = 1;
	classes = {
	};
	objectVersion = 50;
	objects = {

/* Begin PBXBuildFile section */
		5E5A4B827C14CB303E022C57 /* Pods_Finance.framework in Frameworks */ = {isa = PBXBuildFile; fileRef = 0E7D77160E28A22A7CBE80CE /* Pods_Finance.framework */; };
		F9159E6A20C4E853002BFB1B /* AppDelegate.m in Sources */ = {isa = PBXBuildFile; fileRef = F9159E6920C4E853002BFB1B /* AppDelegate.m */; };
		F9159E6D20C4E853002BFB1B /* ViewController.m in Sources */ = {isa = PBXBuildFile; fileRef = F9159E6C20C4E853002BFB1B /* ViewController.m */; };
		F9159E7220C4E855002BFB1B /* Assets.xcassets in Resources */ = {isa = PBXBuildFile; fileRef = F9159E7120C4E855002BFB1B /* Assets.xcassets */; };
		F9159E7520C4E855002BFB1B /* LaunchScreen.storyboard in Resources */ = {isa = PBXBuildFile; fileRef = F9159E7320C4E855002BFB1B /* LaunchScreen.storyboard */; };
		F9159E7820C4E855002BFB1B /* main.m in Sources */ = {isa = PBXBuildFile; fileRef = F9159E7720C4E855002BFB1B /* main.m */; };
		F9159E8220C4E855002BFB1B /* FinanceTests.m in Sources */ = {isa = PBXBuildFile; fileRef = F9159E8120C4E855002BFB1B /* FinanceTests.m */; };
		F9159E8D20C4E855002BFB1B /* FinanceUITests.m in Sources */ = {isa = PBXBuildFile; fileRef = F9159E8C20C4E855002BFB1B /* FinanceUITests.m */; };
		F93EBC8920C68D380000AE72 /* HttpRequest.m in Sources */ = {isa = PBXBuildFile; fileRef = F93EBC8820C68D380000AE72 /* HttpRequest.m */; };
		F93EBC8A20C68E400000AE72 /* HttpRequest.m in Sources */ = {isa = PBXBuildFile; fileRef = F93EBC8820C68D380000AE72 /* HttpRequest.m */; };
		F93EBC9220C69DF20000AE72 /* GTMBase64.m in Sources */ = {isa = PBXBuildFile; fileRef = F93EBC9020C69DF20000AE72 /* GTMBase64.m */; };
		F93EBC9520C69F330000AE72 /* WFEncrypt.m in Sources */ = {isa = PBXBuildFile; fileRef = F93EBC9420C69F330000AE72 /* WFEncrypt.m */; };
		F93EBCDA20C79CCE0000AE72 /* JSONUtils.m in Sources */ = {isa = PBXBuildFile; fileRef = F93EBCD920C79CCE0000AE72 /* JSONUtils.m */; };
		F93EBCE220C7B6DD0000AE72 /* FILoginViewController.m in Sources */ = {isa = PBXBuildFile; fileRef = F93EBCE020C7B6DD0000AE72 /* FILoginViewController.m */; };
		F93EBCE320C7B6DD0000AE72 /* FILoginViewController.xib in Resources */ = {isa = PBXBuildFile; fileRef = F93EBCE120C7B6DD0000AE72 /* FILoginViewController.xib */; };
		F93EBCE720C7BAF50000AE72 /* FIRegisterViewController.m in Sources */ = {isa = PBXBuildFile; fileRef = F93EBCE520C7BAF50000AE72 /* FIRegisterViewController.m */; };
		F93EBCE820C7BAF50000AE72 /* FIRegisterViewController.xib in Resources */ = {isa = PBXBuildFile; fileRef = F93EBCE620C7BAF50000AE72 /* FIRegisterViewController.xib */; };
		F93EBCEC20C7BDAA0000AE72 /* FIBaseViewController.m in Sources */ = {isa = PBXBuildFile; fileRef = F93EBCEB20C7BDAA0000AE72 /* FIBaseViewController.m */; };
		F93EBCEF20C7C4A80000AE72 /* UIImage+Color.m in Sources */ = {isa = PBXBuildFile; fileRef = F93EBCEE20C7C4A70000AE72 /* UIImage+Color.m */; };
		F93EBCF320C7D2000000AE72 /* FIUser.m in Sources */ = {isa = PBXBuildFile; fileRef = F93EBCF220C7D2000000AE72 /* FIUser.m */; };
		F93EBCF720C7D46D0000AE72 /* FIRegisterFinishViewController.m in Sources */ = {isa = PBXBuildFile; fileRef = F93EBCF520C7D46D0000AE72 /* FIRegisterFinishViewController.m */; };
		F93EBCF820C7D46D0000AE72 /* FIRegisterFinishViewController.xib in Resources */ = {isa = PBXBuildFile; fileRef = F93EBCF620C7D46D0000AE72 /* FIRegisterFinishViewController.xib */; };
		F93EBCFB20C7D6CB0000AE72 /* FIBaseNavigationViewController.m in Sources */ = {isa = PBXBuildFile; fileRef = F93EBCFA20C7D6CB0000AE72 /* FIBaseNavigationViewController.m */; };
		F93EBCFE20C7E0240000AE72 /* UIView+Toast.m in Sources */ = {isa = PBXBuildFile; fileRef = F93EBCFC20C7E0230000AE72 /* UIView+Toast.m */; };
		F93EBD0120C7E53F0000AE72 /* SysUtils.m in Sources */ = {isa = PBXBuildFile; fileRef = F93EBD0020C7E53F0000AE72 /* SysUtils.m */; };
		F93EBD0420C7E6070000AE72 /* SFHFKeychainUtils.m in Sources */ = {isa = PBXBuildFile; fileRef = F93EBD0220C7E6070000AE72 /* SFHFKeychainUtils.m */; settings = {COMPILER_FLAGS = "-fno-objc-arc"; }; };
		F93EBD0A20C7F04F0000AE72 /* FIHomeViewController.m in Sources */ = {isa = PBXBuildFile; fileRef = F93EBD0820C7F04F0000AE72 /* FIHomeViewController.m */; };
		F93EBD0B20C7F04F0000AE72 /* FIHomeViewController.xib in Resources */ = {isa = PBXBuildFile; fileRef = F93EBD0920C7F04F0000AE72 /* FIHomeViewController.xib */; };
		F9545C3D20D8F22000531C66 /* FIRegisterSuccessViewController.m in Sources */ = {isa = PBXBuildFile; fileRef = F9545C3B20D8F22000531C66 /* FIRegisterSuccessViewController.m */; };
		F9545C3E20D8F22000531C66 /* FIRegisterSuccessViewController.xib in Resources */ = {isa = PBXBuildFile; fileRef = F9545C3C20D8F22000531C66 /* FIRegisterSuccessViewController.xib */; };
		F9545C4220D8F47B00531C66 /* FIFindPasswordViewController.m in Sources */ = {isa = PBXBuildFile; fileRef = F9545C4020D8F47B00531C66 /* FIFindPasswordViewController.m */; };
		F9545C4320D8F47B00531C66 /* FIFindPasswordViewController.xib in Resources */ = {isa = PBXBuildFile; fileRef = F9545C4120D8F47B00531C66 /* FIFindPasswordViewController.xib */; };
/* End PBXBuildFile section */

/* Begin PBXContainerItemProxy section */
		F9159E7E20C4E855002BFB1B /* PBXContainerItemProxy */ = {
			isa = PBXContainerItemProxy;
			containerPortal = F9159E5D20C4E853002BFB1B /* Project object */;
			proxyType = 1;
			remoteGlobalIDString = F9159E6420C4E853002BFB1B;
			remoteInfo = Finance;
		};
		F9159E8920C4E855002BFB1B /* PBXContainerItemProxy */ = {
			isa = PBXContainerItemProxy;
			containerPortal = F9159E5D20C4E853002BFB1B /* Project object */;
			proxyType = 1;
			remoteGlobalIDString = F9159E6420C4E853002BFB1B;
			remoteInfo = Finance;
		};
/* End PBXContainerItemProxy section */

/* Begin PBXFileReference section */
		0E7D77160E28A22A7CBE80CE /* Pods_Finance.framework */ = {isa = PBXFileReference; explicitFileType = wrapper.framework; includeInIndex = 0; path = Pods_Finance.framework; sourceTree = BUILT_PRODUCTS_DIR; };
		A9F9666A782204736AB52D75 /* Pods-Finance.release.xcconfig */ = {isa = PBXFileReference; includeInIndex = 1; lastKnownFileType = text.xcconfig; name = "Pods-Finance.release.xcconfig"; path = "Pods/Target Support Files/Pods-Finance/Pods-Finance.release.xcconfig"; sourceTree = "<group>"; };
		C18A6988405637BCB442F401 /* Pods-Finance.debug.xcconfig */ = {isa = PBXFileReference; includeInIndex = 1; lastKnownFileType = text.xcconfig; name = "Pods-Finance.debug.xcconfig"; path = "Pods/Target Support Files/Pods-Finance/Pods-Finance.debug.xcconfig"; sourceTree = "<group>"; };
		F9159E6520C4E853002BFB1B /* Finance.app */ = {isa = PBXFileReference; explicitFileType = wrapper.application; includeInIndex = 0; path = Finance.app; sourceTree = BUILT_PRODUCTS_DIR; };
		F9159E6820C4E853002BFB1B /* AppDelegate.h */ = {isa = PBXFileReference; lastKnownFileType = sourcecode.c.h; path = AppDelegate.h; sourceTree = "<group>"; };
		F9159E6920C4E853002BFB1B /* AppDelegate.m */ = {isa = PBXFileReference; lastKnownFileType = sourcecode.c.objc; path = AppDelegate.m; sourceTree = "<group>"; };
		F9159E6B20C4E853002BFB1B /* ViewController.h */ = {isa = PBXFileReference; lastKnownFileType = sourcecode.c.h; path = ViewController.h; sourceTree = "<group>"; };
		F9159E6C20C4E853002BFB1B /* ViewController.m */ = {isa = PBXFileReference; lastKnownFileType = sourcecode.c.objc; path = ViewController.m; sourceTree = "<group>"; };
		F9159E7120C4E855002BFB1B /* Assets.xcassets */ = {isa = PBXFileReference; lastKnownFileType = folder.assetcatalog; path = Assets.xcassets; sourceTree = "<group>"; };
		F9159E7420C4E855002BFB1B /* Base */ = {isa = PBXFileReference; lastKnownFileType = file.storyboard; name = Base; path = Base.lproj/LaunchScreen.storyboard; sourceTree = "<group>"; };
		F9159E7620C4E855002BFB1B /* Info.plist */ = {isa = PBXFileReference; lastKnownFileType = text.plist.xml; path = Info.plist; sourceTree = "<group>"; };
		F9159E7720C4E855002BFB1B /* main.m */ = {isa = PBXFileReference; lastKnownFileType = sourcecode.c.objc; path = main.m; sourceTree = "<group>"; };
		F9159E7D20C4E855002BFB1B /* FinanceTests.xctest */ = {isa = PBXFileReference; explicitFileType = wrapper.cfbundle; includeInIndex = 0; path = FinanceTests.xctest; sourceTree = BUILT_PRODUCTS_DIR; };
		F9159E8120C4E855002BFB1B /* FinanceTests.m */ = {isa = PBXFileReference; lastKnownFileType = sourcecode.c.objc; path = FinanceTests.m; sourceTree = "<group>"; };
		F9159E8320C4E855002BFB1B /* Info.plist */ = {isa = PBXFileReference; lastKnownFileType = text.plist.xml; path = Info.plist; sourceTree = "<group>"; };
		F9159E8820C4E855002BFB1B /* FinanceUITests.xctest */ = {isa = PBXFileReference; explicitFileType = wrapper.cfbundle; includeInIndex = 0; path = FinanceUITests.xctest; sourceTree = BUILT_PRODUCTS_DIR; };
		F9159E8C20C4E855002BFB1B /* FinanceUITests.m */ = {isa = PBXFileReference; lastKnownFileType = sourcecode.c.objc; path = FinanceUITests.m; sourceTree = "<group>"; };
		F9159E8E20C4E855002BFB1B /* Info.plist */ = {isa = PBXFileReference; lastKnownFileType = text.plist.xml; path = Info.plist; sourceTree = "<group>"; };
		F93EBC8720C68D380000AE72 /* HttpRequest.h */ = {isa = PBXFileReference; lastKnownFileType = sourcecode.c.h; path = HttpRequest.h; sourceTree = "<group>"; };
		F93EBC8820C68D380000AE72 /* HttpRequest.m */ = {isa = PBXFileReference; lastKnownFileType = sourcecode.c.objc; path = HttpRequest.m; sourceTree = "<group>"; };
		F93EBC8B20C6908D0000AE72 /* API.h */ = {isa = PBXFileReference; lastKnownFileType = sourcecode.c.h; path = API.h; sourceTree = "<group>"; };
		F93EBC8F20C69DF20000AE72 /* GTMBase64.h */ = {isa = PBXFileReference; fileEncoding = 4; lastKnownFileType = sourcecode.c.h; path = GTMBase64.h; sourceTree = "<group>"; };
		F93EBC9020C69DF20000AE72 /* GTMBase64.m */ = {isa = PBXFileReference; fileEncoding = 4; lastKnownFileType = sourcecode.c.objc; path = GTMBase64.m; sourceTree = "<group>"; };
		F93EBC9120C69DF20000AE72 /* GTMDefines.h */ = {isa = PBXFileReference; fileEncoding = 4; lastKnownFileType = sourcecode.c.h; path = GTMDefines.h; sourceTree = "<group>"; };
		F93EBC9320C69F330000AE72 /* WFEncrypt.h */ = {isa = PBXFileReference; lastKnownFileType = sourcecode.c.h; path = WFEncrypt.h; sourceTree = "<group>"; };
		F93EBC9420C69F330000AE72 /* WFEncrypt.m */ = {isa = PBXFileReference; lastKnownFileType = sourcecode.c.objc; path = WFEncrypt.m; sourceTree = "<group>"; };
		F93EBCD820C79CCE0000AE72 /* JSONUtils.h */ = {isa = PBXFileReference; fileEncoding = 4; lastKnownFileType = sourcecode.c.h; path = JSONUtils.h; sourceTree = "<group>"; };
		F93EBCD920C79CCE0000AE72 /* JSONUtils.m */ = {isa = PBXFileReference; fileEncoding = 4; lastKnownFileType = sourcecode.c.objc; path = JSONUtils.m; sourceTree = "<group>"; };
		F93EBCDF20C7B6DD0000AE72 /* FILoginViewController.h */ = {isa = PBXFileReference; lastKnownFileType = sourcecode.c.h; path = FILoginViewController.h; sourceTree = "<group>"; };
		F93EBCE020C7B6DD0000AE72 /* FILoginViewController.m */ = {isa = PBXFileReference; lastKnownFileType = sourcecode.c.objc; path = FILoginViewController.m; sourceTree = "<group>"; };
		F93EBCE120C7B6DD0000AE72 /* FILoginViewController.xib */ = {isa = PBXFileReference; lastKnownFileType = file.xib; path = FILoginViewController.xib; sourceTree = "<group>"; };
		F93EBCE420C7BAF50000AE72 /* FIRegisterViewController.h */ = {isa = PBXFileReference; lastKnownFileType = sourcecode.c.h; path = FIRegisterViewController.h; sourceTree = "<group>"; };
		F93EBCE520C7BAF50000AE72 /* FIRegisterViewController.m */ = {isa = PBXFileReference; lastKnownFileType = sourcecode.c.objc; path = FIRegisterViewController.m; sourceTree = "<group>"; };
		F93EBCE620C7BAF50000AE72 /* FIRegisterViewController.xib */ = {isa = PBXFileReference; lastKnownFileType = file.xib; path = FIRegisterViewController.xib; sourceTree = "<group>"; };
		F93EBCEA20C7BDAA0000AE72 /* FIBaseViewController.h */ = {isa = PBXFileReference; lastKnownFileType = sourcecode.c.h; path = FIBaseViewController.h; sourceTree = "<group>"; };
		F93EBCEB20C7BDAA0000AE72 /* FIBaseViewController.m */ = {isa = PBXFileReference; lastKnownFileType = sourcecode.c.objc; path = FIBaseViewController.m; sourceTree = "<group>"; };
		F93EBCED20C7C4A70000AE72 /* UIImage+Color.h */ = {isa = PBXFileReference; fileEncoding = 4; lastKnownFileType = sourcecode.c.h; path = "UIImage+Color.h"; sourceTree = "<group>"; };
		F93EBCEE20C7C4A70000AE72 /* UIImage+Color.m */ = {isa = PBXFileReference; fileEncoding = 4; lastKnownFileType = sourcecode.c.objc; path = "UIImage+Color.m"; sourceTree = "<group>"; };
		F93EBCF020C7D0E50000AE72 /* PrefixHeader.pch */ = {isa = PBXFileReference; lastKnownFileType = sourcecode.c.h; path = PrefixHeader.pch; sourceTree = "<group>"; };
		F93EBCF120C7D2000000AE72 /* FIUser.h */ = {isa = PBXFileReference; lastKnownFileType = sourcecode.c.h; path = FIUser.h; sourceTree = "<group>"; };
		F93EBCF220C7D2000000AE72 /* FIUser.m */ = {isa = PBXFileReference; lastKnownFileType = sourcecode.c.objc; path = FIUser.m; sourceTree = "<group>"; };
		F93EBCF420C7D46D0000AE72 /* FIRegisterFinishViewController.h */ = {isa = PBXFileReference; lastKnownFileType = sourcecode.c.h; path = FIRegisterFinishViewController.h; sourceTree = "<group>"; };
		F93EBCF520C7D46D0000AE72 /* FIRegisterFinishViewController.m */ = {isa = PBXFileReference; lastKnownFileType = sourcecode.c.objc; path = FIRegisterFinishViewController.m; sourceTree = "<group>"; };
		F93EBCF620C7D46D0000AE72 /* FIRegisterFinishViewController.xib */ = {isa = PBXFileReference; lastKnownFileType = file.xib; path = FIRegisterFinishViewController.xib; sourceTree = "<group>"; };
		F93EBCF920C7D6CB0000AE72 /* FIBaseNavigationViewController.h */ = {isa = PBXFileReference; lastKnownFileType = sourcecode.c.h; path = FIBaseNavigationViewController.h; sourceTree = "<group>"; };
		F93EBCFA20C7D6CB0000AE72 /* FIBaseNavigationViewController.m */ = {isa = PBXFileReference; lastKnownFileType = sourcecode.c.objc; path = FIBaseNavigationViewController.m; sourceTree = "<group>"; };
		F93EBCFC20C7E0230000AE72 /* UIView+Toast.m */ = {isa = PBXFileReference; fileEncoding = 4; lastKnownFileType = sourcecode.c.objc; path = "UIView+Toast.m"; sourceTree = "<group>"; };
		F93EBCFD20C7E0230000AE72 /* UIView+Toast.h */ = {isa = PBXFileReference; fileEncoding = 4; lastKnownFileType = sourcecode.c.h; path = "UIView+Toast.h"; sourceTree = "<group>"; };
		F93EBCFF20C7E53F0000AE72 /* SysUtils.h */ = {isa = PBXFileReference; lastKnownFileType = sourcecode.c.h; path = SysUtils.h; sourceTree = "<group>"; };
		F93EBD0020C7E53F0000AE72 /* SysUtils.m */ = {isa = PBXFileReference; lastKnownFileType = sourcecode.c.objc; path = SysUtils.m; sourceTree = "<group>"; };
		F93EBD0220C7E6070000AE72 /* SFHFKeychainUtils.m */ = {isa = PBXFileReference; fileEncoding = 4; lastKnownFileType = sourcecode.c.objc; path = SFHFKeychainUtils.m; sourceTree = "<group>"; };
		F93EBD0320C7E6070000AE72 /* SFHFKeychainUtils.h */ = {isa = PBXFileReference; fileEncoding = 4; lastKnownFileType = sourcecode.c.h; path = SFHFKeychainUtils.h; sourceTree = "<group>"; };
		F93EBD0720C7F04F0000AE72 /* FIHomeViewController.h */ = {isa = PBXFileReference; lastKnownFileType = sourcecode.c.h; path = FIHomeViewController.h; sourceTree = "<group>"; };
		F93EBD0820C7F04F0000AE72 /* FIHomeViewController.m */ = {isa = PBXFileReference; lastKnownFileType = sourcecode.c.objc; path = FIHomeViewController.m; sourceTree = "<group>"; };
		F93EBD0920C7F04F0000AE72 /* FIHomeViewController.xib */ = {isa = PBXFileReference; lastKnownFileType = file.xib; path = FIHomeViewController.xib; sourceTree = "<group>"; };
		F9545C3A20D8F22000531C66 /* FIRegisterSuccessViewController.h */ = {isa = PBXFileReference; lastKnownFileType = sourcecode.c.h; path = FIRegisterSuccessViewController.h; sourceTree = "<group>"; };
		F9545C3B20D8F22000531C66 /* FIRegisterSuccessViewController.m */ = {isa = PBXFileReference; lastKnownFileType = sourcecode.c.objc; path = FIRegisterSuccessViewController.m; sourceTree = "<group>"; };
		F9545C3C20D8F22000531C66 /* FIRegisterSuccessViewController.xib */ = {isa = PBXFileReference; lastKnownFileType = file.xib; path = FIRegisterSuccessViewController.xib; sourceTree = "<group>"; };
		F9545C3F20D8F47B00531C66 /* FIFindPasswordViewController.h */ = {isa = PBXFileReference; lastKnownFileType = sourcecode.c.h; path = FIFindPasswordViewController.h; sourceTree = "<group>"; };
		F9545C4020D8F47B00531C66 /* FIFindPasswordViewController.m */ = {isa = PBXFileReference; lastKnownFileType = sourcecode.c.objc; path = FIFindPasswordViewController.m; sourceTree = "<group>"; };
		F9545C4120D8F47B00531C66 /* FIFindPasswordViewController.xib */ = {isa = PBXFileReference; lastKnownFileType = file.xib; path = FIFindPasswordViewController.xib; sourceTree = "<group>"; };
/* End PBXFileReference section */

/* Begin PBXFrameworksBuildPhase section */
		F9159E6220C4E853002BFB1B /* Frameworks */ = {
			isa = PBXFrameworksBuildPhase;
			buildActionMask = 2147483647;
			files = (
				5E5A4B827C14CB303E022C57 /* Pods_Finance.framework in Frameworks */,
			);
			runOnlyForDeploymentPostprocessing = 0;
		};
		F9159E7A20C4E855002BFB1B /* Frameworks */ = {
			isa = PBXFrameworksBuildPhase;
			buildActionMask = 2147483647;
			files = (
			);
			runOnlyForDeploymentPostprocessing = 0;
		};
		F9159E8520C4E855002BFB1B /* Frameworks */ = {
			isa = PBXFrameworksBuildPhase;
			buildActionMask = 2147483647;
			files = (
			);
			runOnlyForDeploymentPostprocessing = 0;
		};
/* End PBXFrameworksBuildPhase section */

/* Begin PBXGroup section */
		AE11D398A426916DAEA26CAE /* Pods */ = {
			isa = PBXGroup;
			children = (
				C18A6988405637BCB442F401 /* Pods-Finance.debug.xcconfig */,
				A9F9666A782204736AB52D75 /* Pods-Finance.release.xcconfig */,
			);
			name = Pods;
			sourceTree = "<group>";
		};
		E4B814661964A7E1DC4B217D /* Frameworks */ = {
			isa = PBXGroup;
			children = (
				0E7D77160E28A22A7CBE80CE /* Pods_Finance.framework */,
			);
			name = Frameworks;
			sourceTree = "<group>";
		};
		F9159E5C20C4E853002BFB1B = {
			isa = PBXGroup;
			children = (
				F9159E6720C4E853002BFB1B /* Finance */,
				F9159E8020C4E855002BFB1B /* FinanceTests */,
				F9159E8B20C4E855002BFB1B /* FinanceUITests */,
				F9159E6620C4E853002BFB1B /* Products */,
				AE11D398A426916DAEA26CAE /* Pods */,
				E4B814661964A7E1DC4B217D /* Frameworks */,
			);
			sourceTree = "<group>";
		};
		F9159E6620C4E853002BFB1B /* Products */ = {
			isa = PBXGroup;
			children = (
				F9159E6520C4E853002BFB1B /* Finance.app */,
				F9159E7D20C4E855002BFB1B /* FinanceTests.xctest */,
				F9159E8820C4E855002BFB1B /* FinanceUITests.xctest */,
			);
			name = Products;
			sourceTree = "<group>";
		};
		F9159E6720C4E853002BFB1B /* Finance */ = {
			isa = PBXGroup;
			children = (
				F93EBD0520C7F0230000AE72 /* Home */,
				F93EBC8620C68D280000AE72 /* Request */,
				F93EBCE920C7BD9A0000AE72 /* Base */,
				F93EBCDB20C7B3DF0000AE72 /* User */,
				F93EBCD720C79B830000AE72 /* Utils */,
				F9159E6820C4E853002BFB1B /* AppDelegate.h */,
				F9159E6920C4E853002BFB1B /* AppDelegate.m */,
				F9159E6B20C4E853002BFB1B /* ViewController.h */,
				F9159E6C20C4E853002BFB1B /* ViewController.m */,
				F9159E7120C4E855002BFB1B /* Assets.xcassets */,
				F9159E7320C4E855002BFB1B /* LaunchScreen.storyboard */,
				F9159E7620C4E855002BFB1B /* Info.plist */,
				F9159E7720C4E855002BFB1B /* main.m */,
				F93EBCF020C7D0E50000AE72 /* PrefixHeader.pch */,
			);
			path = Finance;
			sourceTree = "<group>";
		};
		F9159E8020C4E855002BFB1B /* FinanceTests */ = {
			isa = PBXGroup;
			children = (
				F9159E8120C4E855002BFB1B /* FinanceTests.m */,
				F9159E8320C4E855002BFB1B /* Info.plist */,
			);
			path = FinanceTests;
			sourceTree = "<group>";
		};
		F9159E8B20C4E855002BFB1B /* FinanceUITests */ = {
			isa = PBXGroup;
			children = (
				F9159E8C20C4E855002BFB1B /* FinanceUITests.m */,
				F9159E8E20C4E855002BFB1B /* Info.plist */,
			);
			path = FinanceUITests;
			sourceTree = "<group>";
		};
		F93EBC8620C68D280000AE72 /* Request */ = {
			isa = PBXGroup;
			children = (
				F93EBC8F20C69DF20000AE72 /* GTMBase64.h */,
				F93EBC9020C69DF20000AE72 /* GTMBase64.m */,
				F93EBC9120C69DF20000AE72 /* GTMDefines.h */,
				F93EBC8720C68D380000AE72 /* HttpRequest.h */,
				F93EBC8820C68D380000AE72 /* HttpRequest.m */,
				F93EBC8B20C6908D0000AE72 /* API.h */,
				F93EBC9320C69F330000AE72 /* WFEncrypt.h */,
				F93EBC9420C69F330000AE72 /* WFEncrypt.m */,
			);
			path = Request;
			sourceTree = "<group>";
		};
		F93EBCD720C79B830000AE72 /* Utils */ = {
			isa = PBXGroup;
			children = (
				F93EBD0320C7E6070000AE72 /* SFHFKeychainUtils.h */,
				F93EBD0220C7E6070000AE72 /* SFHFKeychainUtils.m */,
				F93EBCFD20C7E0230000AE72 /* UIView+Toast.h */,
				F93EBCFC20C7E0230000AE72 /* UIView+Toast.m */,
				F93EBCED20C7C4A70000AE72 /* UIImage+Color.h */,
				F93EBCEE20C7C4A70000AE72 /* UIImage+Color.m */,
				F93EBCD820C79CCE0000AE72 /* JSONUtils.h */,
				F93EBCD920C79CCE0000AE72 /* JSONUtils.m */,
				F93EBCFF20C7E53F0000AE72 /* SysUtils.h */,
				F93EBD0020C7E53F0000AE72 /* SysUtils.m */,
			);
			path = Utils;
			sourceTree = "<group>";
		};
		F93EBCDB20C7B3DF0000AE72 /* User */ = {
			isa = PBXGroup;
			children = (
				F93EBCDE20C7B3F50000AE72 /* View */,
				F93EBCDD20C7B3F00000AE72 /* Model */,
				F93EBCDC20C7B3E60000AE72 /* ViewController */,
			);
			path = User;
			sourceTree = "<group>";
		};
		F93EBCDC20C7B3E60000AE72 /* ViewController */ = {
			isa = PBXGroup;
			children = (
				F93EBCDF20C7B6DD0000AE72 /* FILoginViewController.h */,
				F93EBCE020C7B6DD0000AE72 /* FILoginViewController.m */,
				F93EBCE120C7B6DD0000AE72 /* FILoginViewController.xib */,
				F93EBCE420C7BAF50000AE72 /* FIRegisterViewController.h */,
				F93EBCE520C7BAF50000AE72 /* FIRegisterViewController.m */,
				F93EBCE620C7BAF50000AE72 /* FIRegisterViewController.xib */,
				F93EBCF420C7D46D0000AE72 /* FIRegisterFinishViewController.h */,
				F93EBCF520C7D46D0000AE72 /* FIRegisterFinishViewController.m */,
				F93EBCF620C7D46D0000AE72 /* FIRegisterFinishViewController.xib */,
				F9545C3A20D8F22000531C66 /* FIRegisterSuccessViewController.h */,
				F9545C3B20D8F22000531C66 /* FIRegisterSuccessViewController.m */,
				F9545C3C20D8F22000531C66 /* FIRegisterSuccessViewController.xib */,
				F9545C3F20D8F47B00531C66 /* FIFindPasswordViewController.h */,
				F9545C4020D8F47B00531C66 /* FIFindPasswordViewController.m */,
				F9545C4120D8F47B00531C66 /* FIFindPasswordViewController.xib */,
			);
			path = ViewController;
			sourceTree = "<group>";
		};
		F93EBCDD20C7B3F00000AE72 /* Model */ = {
			isa = PBXGroup;
			children = (
				F93EBCF120C7D2000000AE72 /* FIUser.h */,
				F93EBCF220C7D2000000AE72 /* FIUser.m */,
			);
			path = Model;
			sourceTree = "<group>";
		};
		F93EBCDE20C7B3F50000AE72 /* View */ = {
			isa = PBXGroup;
			children = (
			);
			path = View;
			sourceTree = "<group>";
		};
		F93EBCE920C7BD9A0000AE72 /* Base */ = {
			isa = PBXGroup;
			children = (
				F93EBCEA20C7BDAA0000AE72 /* FIBaseViewController.h */,
				F93EBCEB20C7BDAA0000AE72 /* FIBaseViewController.m */,
				F93EBCF920C7D6CB0000AE72 /* FIBaseNavigationViewController.h */,
				F93EBCFA20C7D6CB0000AE72 /* FIBaseNavigationViewController.m */,
			);
			path = Base;
			sourceTree = "<group>";
		};
		F93EBD0520C7F0230000AE72 /* Home */ = {
			isa = PBXGroup;
			children = (
				F93EBD0620C7F02B0000AE72 /* ViewController */,
			);
			path = Home;
			sourceTree = "<group>";
		};
		F93EBD0620C7F02B0000AE72 /* ViewController */ = {
			isa = PBXGroup;
			children = (
				F93EBD0720C7F04F0000AE72 /* FIHomeViewController.h */,
				F93EBD0820C7F04F0000AE72 /* FIHomeViewController.m */,
				F93EBD0920C7F04F0000AE72 /* FIHomeViewController.xib */,
			);
			path = ViewController;
			sourceTree = "<group>";
		};
/* End PBXGroup section */

/* Begin PBXNativeTarget section */
		F9159E6420C4E853002BFB1B /* Finance */ = {
			isa = PBXNativeTarget;
			buildConfigurationList = F9159E9120C4E855002BFB1B /* Build configuration list for PBXNativeTarget "Finance" */;
			buildPhases = (
				D4E73ECDD460319F43D9B585 /* [CP] Check Pods Manifest.lock */,
				F9159E6120C4E853002BFB1B /* Sources */,
				F9159E6220C4E853002BFB1B /* Frameworks */,
				F9159E6320C4E853002BFB1B /* Resources */,
				8123537F0FA8FC7BDCAB5554 /* [CP] Embed Pods Frameworks */,
			);
			buildRules = (
			);
			dependencies = (
			);
			name = Finance;
			productName = Finance;
			productReference = F9159E6520C4E853002BFB1B /* Finance.app */;
			productType = "com.apple.product-type.application";
		};
		F9159E7C20C4E855002BFB1B /* FinanceTests */ = {
			isa = PBXNativeTarget;
			buildConfigurationList = F9159E9420C4E855002BFB1B /* Build configuration list for PBXNativeTarget "FinanceTests" */;
			buildPhases = (
				F9159E7920C4E855002BFB1B /* Sources */,
				F9159E7A20C4E855002BFB1B /* Frameworks */,
				F9159E7B20C4E855002BFB1B /* Resources */,
			);
			buildRules = (
			);
			dependencies = (
				F9159E7F20C4E855002BFB1B /* PBXTargetDependency */,
			);
			name = FinanceTests;
			productName = FinanceTests;
			productReference = F9159E7D20C4E855002BFB1B /* FinanceTests.xctest */;
			productType = "com.apple.product-type.bundle.unit-test";
		};
		F9159E8720C4E855002BFB1B /* FinanceUITests */ = {
			isa = PBXNativeTarget;
			buildConfigurationList = F9159E9720C4E855002BFB1B /* Build configuration list for PBXNativeTarget "FinanceUITests" */;
			buildPhases = (
				F9159E8420C4E855002BFB1B /* Sources */,
				F9159E8520C4E855002BFB1B /* Frameworks */,
				F9159E8620C4E855002BFB1B /* Resources */,
			);
			buildRules = (
			);
			dependencies = (
				F9159E8A20C4E855002BFB1B /* PBXTargetDependency */,
			);
			name = FinanceUITests;
			productName = FinanceUITests;
			productReference = F9159E8820C4E855002BFB1B /* FinanceUITests.xctest */;
			productType = "com.apple.product-type.bundle.ui-testing";
		};
/* End PBXNativeTarget section */

/* Begin PBXProject section */
		F9159E5D20C4E853002BFB1B /* Project object */ = {
			isa = PBXProject;
			attributes = {
				LastUpgradeCheck = 0930;
				ORGANIZATIONNAME = wenpeifang;
				TargetAttributes = {
					F9159E6420C4E853002BFB1B = {
						CreatedOnToolsVersion = 9.3;
					};
					F9159E7C20C4E855002BFB1B = {
						CreatedOnToolsVersion = 9.3;
						TestTargetID = F9159E6420C4E853002BFB1B;
					};
					F9159E8720C4E855002BFB1B = {
						CreatedOnToolsVersion = 9.3;
						TestTargetID = F9159E6420C4E853002BFB1B;
					};
				};
			};
			buildConfigurationList = F9159E6020C4E853002BFB1B /* Build configuration list for PBXProject "Finance" */;
			compatibilityVersion = "Xcode 9.3";
			developmentRegion = en;
			hasScannedForEncodings = 0;
			knownRegions = (
				en,
				Base,
			);
			mainGroup = F9159E5C20C4E853002BFB1B;
			productRefGroup = F9159E6620C4E853002BFB1B /* Products */;
			projectDirPath = "";
			projectRoot = "";
			targets = (
				F9159E6420C4E853002BFB1B /* Finance */,
				F9159E7C20C4E855002BFB1B /* FinanceTests */,
				F9159E8720C4E855002BFB1B /* FinanceUITests */,
			);
		};
/* End PBXProject section */

/* Begin PBXResourcesBuildPhase section */
		F9159E6320C4E853002BFB1B /* Resources */ = {
			isa = PBXResourcesBuildPhase;
			buildActionMask = 2147483647;
			files = (
				F9545C3E20D8F22000531C66 /* FIRegisterSuccessViewController.xib in Resources */,
				F93EBCE820C7BAF50000AE72 /* FIRegisterViewController.xib in Resources */,
				F9159E7520C4E855002BFB1B /* LaunchScreen.storyboard in Resources */,
				F93EBD0B20C7F04F0000AE72 /* FIHomeViewController.xib in Resources */,
				F93EBCE320C7B6DD0000AE72 /* FILoginViewController.xib in Resources */,
				F93EBCF820C7D46D0000AE72 /* FIRegisterFinishViewController.xib in Resources */,
				F9545C4320D8F47B00531C66 /* FIFindPasswordViewController.xib in Resources */,
				F9159E7220C4E855002BFB1B /* Assets.xcassets in Resources */,
			);
			runOnlyForDeploymentPostprocessing = 0;
		};
		F9159E7B20C4E855002BFB1B /* Resources */ = {
			isa = PBXResourcesBuildPhase;
			buildActionMask = 2147483647;
			files = (
			);
			runOnlyForDeploymentPostprocessing = 0;
		};
		F9159E8620C4E855002BFB1B /* Resources */ = {
			isa = PBXResourcesBuildPhase;
			buildActionMask = 2147483647;
			files = (
			);
			runOnlyForDeploymentPostprocessing = 0;
		};
/* End PBXResourcesBuildPhase section */

/* Begin PBXShellScriptBuildPhase section */
		8123537F0FA8FC7BDCAB5554 /* [CP] Embed Pods Frameworks */ = {
			isa = PBXShellScriptBuildPhase;
			buildActionMask = 2147483647;
			files = (
			);
			inputPaths = (
				"${SRCROOT}/Pods/Target Support Files/Pods-Finance/Pods-Finance-frameworks.sh",
				"${BUILT_PRODUCTS_DIR}/AFNetworking/AFNetworking.framework",
				"${BUILT_PRODUCTS_DIR}/MBProgressHUD/MBProgressHUD.framework",
				"${BUILT_PRODUCTS_DIR}/MJRefresh/MJRefresh.framework",
				"${BUILT_PRODUCTS_DIR}/Masonry/Masonry.framework",
				"${BUILT_PRODUCTS_DIR}/SDWebImage/SDWebImage.framework",
				"${BUILT_PRODUCTS_DIR}/YYModel/YYModel.framework",
				"${BUILT_PRODUCTS_DIR}/YYText/YYText.framework",
			);
			name = "[CP] Embed Pods Frameworks";
			outputPaths = (
				"${TARGET_BUILD_DIR}/${FRAMEWORKS_FOLDER_PATH}/AFNetworking.framework",
				"${TARGET_BUILD_DIR}/${FRAMEWORKS_FOLDER_PATH}/MBProgressHUD.framework",
				"${TARGET_BUILD_DIR}/${FRAMEWORKS_FOLDER_PATH}/MJRefresh.framework",
				"${TARGET_BUILD_DIR}/${FRAMEWORKS_FOLDER_PATH}/Masonry.framework",
				"${TARGET_BUILD_DIR}/${FRAMEWORKS_FOLDER_PATH}/SDWebImage.framework",
				"${TARGET_BUILD_DIR}/${FRAMEWORKS_FOLDER_PATH}/YYModel.framework",
				"${TARGET_BUILD_DIR}/${FRAMEWORKS_FOLDER_PATH}/YYText.framework",
			);
			runOnlyForDeploymentPostprocessing = 0;
			shellPath = /bin/sh;
			shellScript = "\"${SRCROOT}/Pods/Target Support Files/Pods-Finance/Pods-Finance-frameworks.sh\"\n";
			showEnvVarsInLog = 0;
		};
		D4E73ECDD460319F43D9B585 /* [CP] Check Pods Manifest.lock */ = {
			isa = PBXShellScriptBuildPhase;
			buildActionMask = 2147483647;
			files = (
			);
			inputPaths = (
				"${PODS_PODFILE_DIR_PATH}/Podfile.lock",
				"${PODS_ROOT}/Manifest.lock",
			);
			name = "[CP] Check Pods Manifest.lock";
			outputPaths = (
				"$(DERIVED_FILE_DIR)/Pods-Finance-checkManifestLockResult.txt",
			);
			runOnlyForDeploymentPostprocessing = 0;
			shellPath = /bin/sh;
			shellScript = "diff \"${PODS_PODFILE_DIR_PATH}/Podfile.lock\" \"${PODS_ROOT}/Manifest.lock\" > /dev/null\nif [ $? != 0 ] ; then\n    # print error to STDERR\n    echo \"error: The sandbox is not in sync with the Podfile.lock. Run 'pod install' or update your CocoaPods installation.\" >&2\n    exit 1\nfi\n# This output is used by Xcode 'outputs' to avoid re-running this script phase.\necho \"SUCCESS\" > \"${SCRIPT_OUTPUT_FILE_0}\"\n";
			showEnvVarsInLog = 0;
		};
/* End PBXShellScriptBuildPhase section */

/* Begin PBXSourcesBuildPhase section */
		F9159E6120C4E853002BFB1B /* Sources */ = {
			isa = PBXSourcesBuildPhase;
			buildActionMask = 2147483647;
			files = (
				F93EBCFB20C7D6CB0000AE72 /* FIBaseNavigationViewController.m in Sources */,
				F9159E6D20C4E853002BFB1B /* ViewController.m in Sources */,
				F93EBD0A20C7F04F0000AE72 /* FIHomeViewController.m in Sources */,
				F9545C4220D8F47B00531C66 /* FIFindPasswordViewController.m in Sources */,
				F93EBCF320C7D2000000AE72 /* FIUser.m in Sources */,
				F93EBCFE20C7E0240000AE72 /* UIView+Toast.m in Sources */,
				F93EBCE220C7B6DD0000AE72 /* FILoginViewController.m in Sources */,
				F93EBD0120C7E53F0000AE72 /* SysUtils.m in Sources */,
				F93EBCEC20C7BDAA0000AE72 /* FIBaseViewController.m in Sources */,
				F9545C3D20D8F22000531C66 /* FIRegisterSuccessViewController.m in Sources */,
				F93EBD0420C7E6070000AE72 /* SFHFKeychainUtils.m in Sources */,
				F93EBC8920C68D380000AE72 /* HttpRequest.m in Sources */,
				F93EBC9220C69DF20000AE72 /* GTMBase64.m in Sources */,
				F93EBCF720C7D46D0000AE72 /* FIRegisterFinishViewController.m in Sources */,
				F9159E7820C4E855002BFB1B /* main.m in Sources */,
				F93EBCDA20C79CCE0000AE72 /* JSONUtils.m in Sources */,
				F93EBC9520C69F330000AE72 /* WFEncrypt.m in Sources */,
				F93EBCEF20C7C4A80000AE72 /* UIImage+Color.m in Sources */,
				F93EBCE720C7BAF50000AE72 /* FIRegisterViewController.m in Sources */,
				F9159E6A20C4E853002BFB1B /* AppDelegate.m in Sources */,
			);
			runOnlyForDeploymentPostprocessing = 0;
		};
		F9159E7920C4E855002BFB1B /* Sources */ = {
			isa = PBXSourcesBuildPhase;
			buildActionMask = 2147483647;
			files = (
				F9159E8220C4E855002BFB1B /* FinanceTests.m in Sources */,
				F93EBC8A20C68E400000AE72 /* HttpRequest.m in Sources */,
			);
			runOnlyForDeploymentPostprocessing = 0;
		};
		F9159E8420C4E855002BFB1B /* Sources */ = {
			isa = PBXSourcesBuildPhase;
			buildActionMask = 2147483647;
			files = (
				F9159E8D20C4E855002BFB1B /* FinanceUITests.m in Sources */,
			);
			runOnlyForDeploymentPostprocessing = 0;
		};
/* End PBXSourcesBuildPhase section */

/* Begin PBXTargetDependency section */
		F9159E7F20C4E855002BFB1B /* PBXTargetDependency */ = {
			isa = PBXTargetDependency;
			target = F9159E6420C4E853002BFB1B /* Finance */;
			targetProxy = F9159E7E20C4E855002BFB1B /* PBXContainerItemProxy */;
		};
		F9159E8A20C4E855002BFB1B /* PBXTargetDependency */ = {
			isa = PBXTargetDependency;
			target = F9159E6420C4E853002BFB1B /* Finance */;
			targetProxy = F9159E8920C4E855002BFB1B /* PBXContainerItemProxy */;
		};
/* End PBXTargetDependency section */

/* Begin PBXVariantGroup section */
		F9159E7320C4E855002BFB1B /* LaunchScreen.storyboard */ = {
			isa = PBXVariantGroup;
			children = (
				F9159E7420C4E855002BFB1B /* Base */,
			);
			name = LaunchScreen.storyboard;
			sourceTree = "<group>";
		};
/* End PBXVariantGroup section */

/* Begin XCBuildConfiguration section */
		F9159E8F20C4E855002BFB1B /* Debug */ = {
			isa = XCBuildConfiguration;
			buildSettings = {
				ALWAYS_SEARCH_USER_PATHS = NO;
				CLANG_ANALYZER_NONNULL = YES;
				CLANG_ANALYZER_NUMBER_OBJECT_CONVERSION = YES_AGGRESSIVE;
				CLANG_CXX_LANGUAGE_STANDARD = "gnu++14";
				CLANG_CXX_LIBRARY = "libc++";
				CLANG_ENABLE_MODULES = YES;
				CLANG_ENABLE_OBJC_ARC = YES;
				CLANG_ENABLE_OBJC_WEAK = YES;
				CLANG_WARN_BLOCK_CAPTURE_AUTORELEASING = YES;
				CLANG_WARN_BOOL_CONVERSION = YES;
				CLANG_WARN_COMMA = YES;
				CLANG_WARN_CONSTANT_CONVERSION = YES;
				CLANG_WARN_DEPRECATED_OBJC_IMPLEMENTATIONS = YES;
				CLANG_WARN_DIRECT_OBJC_ISA_USAGE = YES_ERROR;
				CLANG_WARN_DOCUMENTATION_COMMENTS = YES;
				CLANG_WARN_EMPTY_BODY = YES;
				CLANG_WARN_ENUM_CONVERSION = YES;
				CLANG_WARN_INFINITE_RECURSION = YES;
				CLANG_WARN_INT_CONVERSION = YES;
				CLANG_WARN_NON_LITERAL_NULL_CONVERSION = YES;
				CLANG_WARN_OBJC_IMPLICIT_RETAIN_SELF = YES;
				CLANG_WARN_OBJC_LITERAL_CONVERSION = YES;
				CLANG_WARN_OBJC_ROOT_CLASS = YES_ERROR;
				CLANG_WARN_RANGE_LOOP_ANALYSIS = YES;
				CLANG_WARN_STRICT_PROTOTYPES = YES;
				CLANG_WARN_SUSPICIOUS_MOVE = YES;
				CLANG_WARN_UNGUARDED_AVAILABILITY = YES_AGGRESSIVE;
				CLANG_WARN_UNREACHABLE_CODE = YES;
				CLANG_WARN__DUPLICATE_METHOD_MATCH = YES;
				CODE_SIGN_IDENTITY = "iPhone Developer";
				COPY_PHASE_STRIP = NO;
				DEBUG_INFORMATION_FORMAT = dwarf;
				ENABLE_STRICT_OBJC_MSGSEND = YES;
				ENABLE_TESTABILITY = YES;
				GCC_C_LANGUAGE_STANDARD = gnu11;
				GCC_DYNAMIC_NO_PIC = NO;
				GCC_NO_COMMON_BLOCKS = YES;
				GCC_OPTIMIZATION_LEVEL = 0;
				GCC_PREPROCESSOR_DEFINITIONS = (
					"DEBUG=1",
					"$(inherited)",
				);
				GCC_WARN_64_TO_32_BIT_CONVERSION = YES;
				GCC_WARN_ABOUT_RETURN_TYPE = YES_ERROR;
				GCC_WARN_UNDECLARED_SELECTOR = YES;
				GCC_WARN_UNINITIALIZED_AUTOS = YES_AGGRESSIVE;
				GCC_WARN_UNUSED_FUNCTION = YES;
				GCC_WARN_UNUSED_VARIABLE = YES;
				IPHONEOS_DEPLOYMENT_TARGET = 11.3;
				MTL_ENABLE_DEBUG_INFO = YES;
				ONLY_ACTIVE_ARCH = YES;
				SDKROOT = iphoneos;
			};
			name = Debug;
		};
		F9159E9020C4E855002BFB1B /* Release */ = {
			isa = XCBuildConfiguration;
			buildSettings = {
				ALWAYS_SEARCH_USER_PATHS = NO;
				CLANG_ANALYZER_NONNULL = YES;
				CLANG_ANALYZER_NUMBER_OBJECT_CONVERSION = YES_AGGRESSIVE;
				CLANG_CXX_LANGUAGE_STANDARD = "gnu++14";
				CLANG_CXX_LIBRARY = "libc++";
				CLANG_ENABLE_MODULES = YES;
				CLANG_ENABLE_OBJC_ARC = YES;
				CLANG_ENABLE_OBJC_WEAK = YES;
				CLANG_WARN_BLOCK_CAPTURE_AUTORELEASING = YES;
				CLANG_WARN_BOOL_CONVERSION = YES;
				CLANG_WARN_COMMA = YES;
				CLANG_WARN_CONSTANT_CONVERSION = YES;
				CLANG_WARN_DEPRECATED_OBJC_IMPLEMENTATIONS = YES;
				CLANG_WARN_DIRECT_OBJC_ISA_USAGE = YES_ERROR;
				CLANG_WARN_DOCUMENTATION_COMMENTS = YES;
				CLANG_WARN_EMPTY_BODY = YES;
				CLANG_WARN_ENUM_CONVERSION = YES;
				CLANG_WARN_INFINITE_RECURSION = YES;
				CLANG_WARN_INT_CONVERSION = YES;
				CLANG_WARN_NON_LITERAL_NULL_CONVERSION = YES;
				CLANG_WARN_OBJC_IMPLICIT_RETAIN_SELF = YES;
				CLANG_WARN_OBJC_LITERAL_CONVERSION = YES;
				CLANG_WARN_OBJC_ROOT_CLASS = YES_ERROR;
				CLANG_WARN_RANGE_LOOP_ANALYSIS = YES;
				CLANG_WARN_STRICT_PROTOTYPES = YES;
				CLANG_WARN_SUSPICIOUS_MOVE = YES;
				CLANG_WARN_UNGUARDED_AVAILABILITY = YES_AGGRESSIVE;
				CLANG_WARN_UNREACHABLE_CODE = YES;
				CLANG_WARN__DUPLICATE_METHOD_MATCH = YES;
				CODE_SIGN_IDENTITY = "iPhone Developer";
				COPY_PHASE_STRIP = NO;
				DEBUG_INFORMATION_FORMAT = "dwarf-with-dsym";
				ENABLE_NS_ASSERTIONS = NO;
				ENABLE_STRICT_OBJC_MSGSEND = YES;
				GCC_C_LANGUAGE_STANDARD = gnu11;
				GCC_NO_COMMON_BLOCKS = YES;
				GCC_WARN_64_TO_32_BIT_CONVERSION = YES;
				GCC_WARN_ABOUT_RETURN_TYPE = YES_ERROR;
				GCC_WARN_UNDECLARED_SELECTOR = YES;
				GCC_WARN_UNINITIALIZED_AUTOS = YES_AGGRESSIVE;
				GCC_WARN_UNUSED_FUNCTION = YES;
				GCC_WARN_UNUSED_VARIABLE = YES;
				IPHONEOS_DEPLOYMENT_TARGET = 11.3;
				MTL_ENABLE_DEBUG_INFO = NO;
				SDKROOT = iphoneos;
				VALIDATE_PRODUCT = YES;
			};
			name = Release;
		};
		F9159E9220C4E855002BFB1B /* Debug */ = {
			isa = XCBuildConfiguration;
			baseConfigurationReference = C18A6988405637BCB442F401 /* Pods-Finance.debug.xcconfig */;
			buildSettings = {
				ASSETCATALOG_COMPILER_APPICON_NAME = AppIcon;
				CODE_SIGN_STYLE = Automatic;
				DEVELOPMENT_TEAM = QPZY6FRDDL;
				GCC_PRECOMPILE_PREFIX_HEADER = YES;
				GCC_PREFIX_HEADER = "$(SRCROOT)/Finance/PrefixHeader.pch";
				INFOPLIST_FILE = Finance/Info.plist;
				IPHONEOS_DEPLOYMENT_TARGET = 8.0;
				LD_RUNPATH_SEARCH_PATHS = (
					"$(inherited)",
					"@executable_path/Frameworks",
				);
				PRODUCT_BUNDLE_IDENTIFIER = com.wpf.cpc.Finance;
				PRODUCT_NAME = "$(TARGET_NAME)";
				TARGETED_DEVICE_FAMILY = 1;
			};
			name = Debug;
		};
		F9159E9320C4E855002BFB1B /* Release */ = {
			isa = XCBuildConfiguration;
			baseConfigurationReference = A9F9666A782204736AB52D75 /* Pods-Finance.release.xcconfig */;
			buildSettings = {
				ASSETCATALOG_COMPILER_APPICON_NAME = AppIcon;
				CODE_SIGN_STYLE = Automatic;
				DEVELOPMENT_TEAM = QPZY6FRDDL;
				GCC_PRECOMPILE_PREFIX_HEADER = YES;
				GCC_PREFIX_HEADER = "$(SRCROOT)/Finance/PrefixHeader.pch";
				INFOPLIST_FILE = Finance/Info.plist;
				IPHONEOS_DEPLOYMENT_TARGET = 8.0;
				LD_RUNPATH_SEARCH_PATHS = (
					"$(inherited)",
					"@executable_path/Frameworks",
				);
				PRODUCT_BUNDLE_IDENTIFIER = com.wpf.cpc.Finance;
				PRODUCT_NAME = "$(TARGET_NAME)";
				TARGETED_DEVICE_FAMILY = 1;
			};
			name = Release;
		};
		F9159E9520C4E855002BFB1B /* Debug */ = {
			isa = XCBuildConfiguration;
			buildSettings = {
				BUNDLE_LOADER = "$(TEST_HOST)";
				CODE_SIGN_STYLE = Automatic;
				DEVELOPMENT_TEAM = QPZY6FRDDL;
				INFOPLIST_FILE = FinanceTests/Info.plist;
				LD_RUNPATH_SEARCH_PATHS = (
					"$(inherited)",
					"@executable_path/Frameworks",
					"@loader_path/Frameworks",
				);
				PRODUCT_BUNDLE_IDENTIFIER = com.wpf.cpc.FinanceTests;
				PRODUCT_NAME = "$(TARGET_NAME)";
				TARGETED_DEVICE_FAMILY = "1,2";
				TEST_HOST = "$(BUILT_PRODUCTS_DIR)/Finance.app/Finance";
			};
			name = Debug;
		};
		F9159E9620C4E855002BFB1B /* Release */ = {
			isa = XCBuildConfiguration;
			buildSettings = {
				BUNDLE_LOADER = "$(TEST_HOST)";
				CODE_SIGN_STYLE = Automatic;
				DEVELOPMENT_TEAM = QPZY6FRDDL;
				INFOPLIST_FILE = FinanceTests/Info.plist;
				LD_RUNPATH_SEARCH_PATHS = (
					"$(inherited)",
					"@executable_path/Frameworks",
					"@loader_path/Frameworks",
				);
				PRODUCT_BUNDLE_IDENTIFIER = com.wpf.cpc.FinanceTests;
				PRODUCT_NAME = "$(TARGET_NAME)";
				TARGETED_DEVICE_FAMILY = "1,2";
				TEST_HOST = "$(BUILT_PRODUCTS_DIR)/Finance.app/Finance";
			};
			name = Release;
		};
		F9159E9820C4E855002BFB1B /* Debug */ = {
			isa = XCBuildConfiguration;
			buildSettings = {
				CODE_SIGN_STYLE = Automatic;
				DEVELOPMENT_TEAM = QPZY6FRDDL;
				INFOPLIST_FILE = FinanceUITests/Info.plist;
				LD_RUNPATH_SEARCH_PATHS = (
					"$(inherited)",
					"@executable_path/Frameworks",
					"@loader_path/Frameworks",
				);
				PRODUCT_BUNDLE_IDENTIFIER = com.wpf.cpc.FinanceUITests;
				PRODUCT_NAME = "$(TARGET_NAME)";
				TARGETED_DEVICE_FAMILY = "1,2";
				TEST_TARGET_NAME = Finance;
			};
			name = Debug;
		};
		F9159E9920C4E855002BFB1B /* Release */ = {
			isa = XCBuildConfiguration;
			buildSettings = {
				CODE_SIGN_STYLE = Automatic;
				DEVELOPMENT_TEAM = QPZY6FRDDL;
				INFOPLIST_FILE = FinanceUITests/Info.plist;
				LD_RUNPATH_SEARCH_PATHS = (
					"$(inherited)",
					"@executable_path/Frameworks",
					"@loader_path/Frameworks",
				);
				PRODUCT_BUNDLE_IDENTIFIER = com.wpf.cpc.FinanceUITests;
				PRODUCT_NAME = "$(TARGET_NAME)";
				TARGETED_DEVICE_FAMILY = "1,2";
				TEST_TARGET_NAME = Finance;
			};
			name = Release;
		};
/* End XCBuildConfiguration section */

/* Begin XCConfigurationList section */
		F9159E6020C4E853002BFB1B /* Build configuration list for PBXProject "Finance" */ = {
			isa = XCConfigurationList;
			buildConfigurations = (
				F9159E8F20C4E855002BFB1B /* Debug */,
				F9159E9020C4E855002BFB1B /* Release */,
			);
			defaultConfigurationIsVisible = 0;
			defaultConfigurationName = Release;
		};
		F9159E9120C4E855002BFB1B /* Build configuration list for PBXNativeTarget "Finance" */ = {
			isa = XCConfigurationList;
			buildConfigurations = (
				F9159E9220C4E855002BFB1B /* Debug */,
				F9159E9320C4E855002BFB1B /* Release */,
			);
			defaultConfigurationIsVisible = 0;
			defaultConfigurationName = Release;
		};
		F9159E9420C4E855002BFB1B /* Build configuration list for PBXNativeTarget "FinanceTests" */ = {
			isa = XCConfigurationList;
			buildConfigurations = (
				F9159E9520C4E855002BFB1B /* Debug */,
				F9159E9620C4E855002BFB1B /* Release */,
			);
			defaultConfigurationIsVisible = 0;
			defaultConfigurationName = Release;
		};
		F9159E9720C4E855002BFB1B /* Build configuration list for PBXNativeTarget "FinanceUITests" */ = {
			isa = XCConfigurationList;
			buildConfigurations = (
				F9159E9820C4E855002BFB1B /* Debug */,
				F9159E9920C4E855002BFB1B /* Release */,
			);
			defaultConfigurationIsVisible = 0;
			defaultConfigurationName = Release;
		};
/* End XCConfigurationList section */
	};
	rootObject = F9159E5D20C4E853002BFB1B /* Project object */;
}
